<?xml version="1.0"?>
<plist version="1.0">
	<dict>
		<key>archiveVersion</key>
		<string>1</string>
		<key>classes</key>
		<dict />
		<key>objectVersion</key>
		<string>46</string>
		<key>objects</key>
		<dict>
			<key>2AD3CD6C541156A4701C0F91</key>
			<dict>
				<key>explicitFileType</key>
				<string>sourcecode.c.h</string>
				<key>fileEncoding</key>
				<string>4</string>
				<key>isa</key>
				<string>PBXFileReference</string>
				<key>name</key>
				<string>OscTypes.h</string>
				<key>path</key>
				<string>../../../../../Documents/_gllm/of_git/of_v20170714_osx_release/addons/ofxOsc/libs/oscpack/src/osc/OscTypes.h</string>
				<key>sourceTree</key>
				<string>SOURCE_ROOT</string>
			</dict>
			<key>0932C3A89754006342A2701A</key>
			<dict>
				<key>fileRef</key>
				<string>EECFA224119E36D514203D4F</string>
				<key>isa</key>
				<string>PBXBuildFile</string>
			</dict>
			<key>EECFA224119E36D514203D4F</key>
			<dict>
				<key>explicitFileType</key>
				<string>sourcecode.cpp.cpp</string>
				<key>fileEncoding</key>
				<string>4</string>
				<key>isa</key>
				<string>PBXFileReference</string>
				<key>name</key>
				<string>OscTypes.cpp</string>
				<key>path</key>
				<string>../../../../../Documents/_gllm/of_git/of_v20170714_osx_release/addons/ofxOsc/libs/oscpack/src/osc/OscTypes.cpp</string>
				<key>sourceTree</key>
				<string>SOURCE_ROOT</string>
			</dict>
			<key>DE085049729ABBF35613D0E1</key>
			<dict>
				<key>explicitFileType</key>
				<string>sourcecode.c.h</string>
				<key>fileEncoding</key>
				<string>4</string>
				<key>isa</key>
				<string>PBXFileReference</string>
				<key>name</key>
				<string>OscReceivedElements.h</string>
				<key>path</key>
				<string>../../../../../Documents/_gllm/of_git/of_v20170714_osx_release/addons/ofxOsc/libs/oscpack/src/osc/OscReceivedElements.h</string>
				<key>sourceTree</key>
				<string>SOURCE_ROOT</string>
			</dict>
			<key>76CA0FB86E482FC4CABB8187</key>
			<dict>
				<key>fileRef</key>
				<string>B5F45E020AE54837DA362F77</string>
				<key>isa</key>
				<string>PBXBuildFile</string>
			</dict>
			<key>B5F45E020AE54837DA362F77</key>
			<dict>
				<key>explicitFileType</key>
				<string>sourcecode.cpp.cpp</string>
				<key>fileEncoding</key>
				<string>4</string>
				<key>isa</key>
				<string>PBXFileReference</string>
				<key>name</key>
				<string>OscReceivedElements.cpp</string>
				<key>path</key>
				<string>../../../../../Documents/_gllm/of_git/of_v20170714_osx_release/addons/ofxOsc/libs/oscpack/src/osc/OscReceivedElements.cpp</string>
				<key>sourceTree</key>
				<string>SOURCE_ROOT</string>
			</dict>
			<key>8891F017F676C26F9DC431FE</key>
			<dict>
				<key>explicitFileType</key>
				<string>sourcecode.c.h</string>
				<key>fileEncoding</key>
				<string>4</string>
				<key>isa</key>
				<string>PBXFileReference</string>
				<key>name</key>
				<string>OscPrintReceivedElements.h</string>
				<key>path</key>
				<string>../../../../../Documents/_gllm/of_git/of_v20170714_osx_release/addons/ofxOsc/libs/oscpack/src/osc/OscPrintReceivedElements.h</string>
				<key>sourceTree</key>
				<string>SOURCE_ROOT</string>
			</dict>
			<key>6CF17467CC612CFAF8025707</key>
			<dict>
				<key>fileRef</key>
				<string>4CD2BB436DAD46BA055826A4</string>
				<key>isa</key>
				<string>PBXBuildFile</string>
			</dict>
			<key>4CD2BB436DAD46BA055826A4</key>
			<dict>
				<key>explicitFileType</key>
				<string>sourcecode.cpp.cpp</string>
				<key>fileEncoding</key>
				<string>4</string>
				<key>isa</key>
				<string>PBXFileReference</string>
				<key>name</key>
				<string>OscPrintReceivedElements.cpp</string>
				<key>path</key>
				<string>../../../../../Documents/_gllm/of_git/of_v20170714_osx_release/addons/ofxOsc/libs/oscpack/src/osc/OscPrintReceivedElements.cpp</string>
				<key>sourceTree</key>
				<string>SOURCE_ROOT</string>
			</dict>
			<key>E87C10ADF52AEC6C86BF91D0</key>
			<dict>
				<key>explicitFileType</key>
				<string>sourcecode.c.h</string>
				<key>fileEncoding</key>
				<string>4</string>
				<key>isa</key>
				<string>PBXFileReference</string>
				<key>name</key>
				<string>OscPacketListener.h</string>
				<key>path</key>
				<string>../../../../../Documents/_gllm/of_git/of_v20170714_osx_release/addons/ofxOsc/libs/oscpack/src/osc/OscPacketListener.h</string>
				<key>sourceTree</key>
				<string>SOURCE_ROOT</string>
			</dict>
			<key>ADF9FE13338C396AE1B762C7</key>
			<dict>
				<key>explicitFileType</key>
				<string>sourcecode.c.h</string>
				<key>fileEncoding</key>
				<string>4</string>
				<key>isa</key>
				<string>PBXFileReference</string>
				<key>name</key>
				<string>OscOutboundPacketStream.h</string>
				<key>path</key>
				<string>../../../../../Documents/_gllm/of_git/of_v20170714_osx_release/addons/ofxOsc/libs/oscpack/src/osc/OscOutboundPacketStream.h</string>
				<key>sourceTree</key>
				<string>SOURCE_ROOT</string>
			</dict>
			<key>0A5A5FD9C9719E40C65CE193</key>
			<dict>
				<key>fileRef</key>
				<string>A89BBFFB69A39301B5AE9853</string>
				<key>isa</key>
				<string>PBXBuildFile</string>
			</dict>
			<key>A89BBFFB69A39301B5AE9853</key>
			<dict>
				<key>explicitFileType</key>
				<string>sourcecode.cpp.cpp</string>
				<key>fileEncoding</key>
				<string>4</string>
				<key>isa</key>
				<string>PBXFileReference</string>
				<key>name</key>
				<string>OscOutboundPacketStream.cpp</string>
				<key>path</key>
				<string>../../../../../Documents/_gllm/of_git/of_v20170714_osx_release/addons/ofxOsc/libs/oscpack/src/osc/OscOutboundPacketStream.cpp</string>
				<key>sourceTree</key>
				<string>SOURCE_ROOT</string>
			</dict>
			<key>A613E69A0A0E48C7EAF672BD</key>
			<dict>
				<key>explicitFileType</key>
				<string>sourcecode.c.h</string>
				<key>fileEncoding</key>
				<string>4</string>
				<key>isa</key>
				<string>PBXFileReference</string>
				<key>name</key>
				<string>OscHostEndianness.h</string>
				<key>path</key>
				<string>../../../../../Documents/_gllm/of_git/of_v20170714_osx_release/addons/ofxOsc/libs/oscpack/src/osc/OscHostEndianness.h</string>
				<key>sourceTree</key>
				<string>SOURCE_ROOT</string>
			</dict>
			<key>CC132D7A62747B6AB22888D4</key>
			<dict>
				<key>explicitFileType</key>
				<string>sourcecode.c.h</string>
				<key>fileEncoding</key>
				<string>4</string>
				<key>isa</key>
				<string>PBXFileReference</string>
				<key>name</key>
				<string>OscException.h</string>
				<key>path</key>
				<string>../../../../../Documents/_gllm/of_git/of_v20170714_osx_release/addons/ofxOsc/libs/oscpack/src/osc/OscException.h</string>
				<key>sourceTree</key>
				<string>SOURCE_ROOT</string>
			</dict>
			<key>30CB364908817057B430D528</key>
			<dict>
				<key>children</key>
				<array>
					<string>B1B9425A1243019EA5680015</string>
					<string>CC132D7A62747B6AB22888D4</string>
					<string>A613E69A0A0E48C7EAF672BD</string>
					<string>A89BBFFB69A39301B5AE9853</string>
					<string>ADF9FE13338C396AE1B762C7</string>
					<string>E87C10ADF52AEC6C86BF91D0</string>
					<string>4CD2BB436DAD46BA055826A4</string>
					<string>8891F017F676C26F9DC431FE</string>
					<string>B5F45E020AE54837DA362F77</string>
					<string>DE085049729ABBF35613D0E1</string>
					<string>EECFA224119E36D514203D4F</string>
					<string>2AD3CD6C541156A4701C0F91</string>
				</array>
				<key>isa</key>
				<string>PBXGroup</string>
				<key>name</key>
				<string>osc</string>
				<key>sourceTree</key>
				<string>&lt;group&gt;</string>
			</dict>
			<key>B1B9425A1243019EA5680015</key>
			<dict>
				<key>explicitFileType</key>
				<string>sourcecode.c.h</string>
				<key>fileEncoding</key>
				<string>4</string>
				<key>isa</key>
				<string>PBXFileReference</string>
				<key>name</key>
				<string>MessageMappingOscPacketListener.h</string>
				<key>path</key>
				<string>../../../../../Documents/_gllm/of_git/of_v20170714_osx_release/addons/ofxOsc/libs/oscpack/src/osc/MessageMappingOscPacketListener.h</string>
				<key>sourceTree</key>
				<string>SOURCE_ROOT</string>
			</dict>
			<key>1461BA529974D4F28F3ECE18</key>
			<dict>
				<key>explicitFileType</key>
				<string>sourcecode.c.h</string>
				<key>fileEncoding</key>
				<string>4</string>
				<key>isa</key>
				<string>PBXFileReference</string>
				<key>name</key>
				<string>UdpSocket.h</string>
				<key>path</key>
				<string>../../../../../Documents/_gllm/of_git/of_v20170714_osx_release/addons/ofxOsc/libs/oscpack/src/ip/UdpSocket.h</string>
				<key>sourceTree</key>
				<string>SOURCE_ROOT</string>
			</dict>
			<key>E2D7DE83E331983A95D80903</key>
			<dict>
				<key>explicitFileType</key>
				<string>sourcecode.c.h</string>
				<key>fileEncoding</key>
				<string>4</string>
				<key>isa</key>
				<string>PBXFileReference</string>
				<key>name</key>
				<string>TimerListener.h</string>
				<key>path</key>
				<string>../../../../../Documents/_gllm/of_git/of_v20170714_osx_release/addons/ofxOsc/libs/oscpack/src/ip/TimerListener.h</string>
				<key>sourceTree</key>
				<string>SOURCE_ROOT</string>
			</dict>
			<key>A487C0F4BBC0459E9216C62C</key>
			<dict>
				<key>fileRef</key>
				<string>779A773F8F540ECAA6590318</string>
				<key>isa</key>
				<string>PBXBuildFile</string>
			</dict>
			<key>779A773F8F540ECAA6590318</key>
			<dict>
				<key>explicitFileType</key>
				<string>sourcecode.cpp.cpp</string>
				<key>fileEncoding</key>
				<string>4</string>
				<key>isa</key>
				<string>PBXFileReference</string>
				<key>name</key>
				<string>UdpSocket.cpp</string>
				<key>path</key>
				<string>../../../../../Documents/_gllm/of_git/of_v20170714_osx_release/addons/ofxOsc/libs/oscpack/src/ip/posix/UdpSocket.cpp</string>
				<key>sourceTree</key>
				<string>SOURCE_ROOT</string>
			</dict>
			<key>641362CA659FAFEE4E81001B</key>
			<dict>
				<key>children</key>
				<array>
					<string>32EEF3DD3106E59D69302023</string>
					<string>779A773F8F540ECAA6590318</string>
				</array>
				<key>isa</key>
				<string>PBXGroup</string>
				<key>name</key>
				<string>posix</string>
				<key>sourceTree</key>
				<string>&lt;group&gt;</string>
			</dict>
			<key>BA97EABDE5DD0FDA6BF6493F</key>
			<dict>
				<key>fileRef</key>
				<string>32EEF3DD3106E59D69302023</string>
				<key>isa</key>
				<string>PBXBuildFile</string>
			</dict>
			<key>32EEF3DD3106E59D69302023</key>
			<dict>
				<key>explicitFileType</key>
				<string>sourcecode.cpp.cpp</string>
				<key>fileEncoding</key>
				<string>4</string>
				<key>isa</key>
				<string>PBXFileReference</string>
				<key>name</key>
				<string>NetworkingUtils.cpp</string>
				<key>path</key>
				<string>../../../../../Documents/_gllm/of_git/of_v20170714_osx_release/addons/ofxOsc/libs/oscpack/src/ip/posix/NetworkingUtils.cpp</string>
				<key>sourceTree</key>
				<string>SOURCE_ROOT</string>
			</dict>
			<key>2DF377CE16A5257D7EE29B35</key>
			<dict>
				<key>explicitFileType</key>
				<string>sourcecode.c.h</string>
				<key>fileEncoding</key>
				<string>4</string>
				<key>isa</key>
				<string>PBXFileReference</string>
				<key>name</key>
				<string>PacketListener.h</string>
				<key>path</key>
				<string>../../../../../Documents/_gllm/of_git/of_v20170714_osx_release/addons/ofxOsc/libs/oscpack/src/ip/PacketListener.h</string>
				<key>sourceTree</key>
				<string>SOURCE_ROOT</string>
			</dict>
			<key>85DBCBA39D65D7A4A13C817A</key>
			<dict>
				<key>explicitFileType</key>
				<string>sourcecode.c.h</string>
				<key>fileEncoding</key>
				<string>4</string>
				<key>isa</key>
				<string>PBXFileReference</string>
				<key>name</key>
				<string>NetworkingUtils.h</string>
				<key>path</key>
				<string>../../../../../Documents/_gllm/of_git/of_v20170714_osx_release/addons/ofxOsc/libs/oscpack/src/ip/NetworkingUtils.h</string>
				<key>sourceTree</key>
				<string>SOURCE_ROOT</string>
			</dict>
			<key>3B32EABF4E347C4A561492E0</key>
			<dict>
				<key>explicitFileType</key>
				<string>sourcecode.c.h</string>
				<key>fileEncoding</key>
				<string>4</string>
				<key>isa</key>
				<string>PBXFileReference</string>
				<key>name</key>
				<string>IpEndpointName.h</string>
				<key>path</key>
				<string>../../../../../Documents/_gllm/of_git/of_v20170714_osx_release/addons/ofxOsc/libs/oscpack/src/ip/IpEndpointName.h</string>
				<key>sourceTree</key>
				<string>SOURCE_ROOT</string>
			</dict>
			<key>FF8CDF57858E9B94E3237115</key>
			<dict>
				<key>children</key>
				<array>
					<string>ED67D4294BE371586AC71249</string>
					<string>3B32EABF4E347C4A561492E0</string>
					<string>85DBCBA39D65D7A4A13C817A</string>
					<string>2DF377CE16A5257D7EE29B35</string>
					<string>641362CA659FAFEE4E81001B</string>
					<string>E2D7DE83E331983A95D80903</string>
					<string>1461BA529974D4F28F3ECE18</string>
				</array>
				<key>isa</key>
				<string>PBXGroup</string>
				<key>name</key>
				<string>ip</string>
				<key>sourceTree</key>
				<string>&lt;group&gt;</string>
			</dict>
			<key>D27B2221A225CA523C019676</key>
			<dict>
				<key>children</key>
				<array>
					<string>FF8CDF57858E9B94E3237115</string>
					<string>30CB364908817057B430D528</string>
				</array>
				<key>isa</key>
				<string>PBXGroup</string>
				<key>name</key>
				<string>src</string>
				<key>sourceTree</key>
				<string>&lt;group&gt;</string>
			</dict>
			<key>86D2677079A3AF4A5A88E29A</key>
			<dict>
				<key>children</key>
				<array>
					<string>D27B2221A225CA523C019676</string>
				</array>
				<key>isa</key>
				<string>PBXGroup</string>
				<key>name</key>
				<string>oscpack</string>
				<key>sourceTree</key>
				<string>&lt;group&gt;</string>
			</dict>
			<key>38871A5825686AE018EC2BF0</key>
			<dict>
				<key>children</key>
				<array>
					<string>86D2677079A3AF4A5A88E29A</string>
				</array>
				<key>isa</key>
				<string>PBXGroup</string>
				<key>name</key>
				<string>libs</string>
				<key>sourceTree</key>
				<string>&lt;group&gt;</string>
			</dict>
			<key>8565007264EF59A783468B62</key>
			<dict>
				<key>fileRef</key>
				<string>ED67D4294BE371586AC71249</string>
				<key>isa</key>
				<string>PBXBuildFile</string>
			</dict>
			<key>ED67D4294BE371586AC71249</key>
			<dict>
				<key>explicitFileType</key>
				<string>sourcecode.cpp.cpp</string>
				<key>fileEncoding</key>
				<string>4</string>
				<key>isa</key>
				<string>PBXFileReference</string>
				<key>name</key>
				<string>IpEndpointName.cpp</string>
				<key>path</key>
				<string>../../../../../Documents/_gllm/of_git/of_v20170714_osx_release/addons/ofxOsc/libs/oscpack/src/ip/IpEndpointName.cpp</string>
				<key>sourceTree</key>
				<string>SOURCE_ROOT</string>
			</dict>
			<key>611E491549F08B908D13EEEA</key>
			<dict>
				<key>explicitFileType</key>
				<string>sourcecode.c.h</string>
				<key>fileEncoding</key>
				<string>4</string>
				<key>isa</key>
				<string>PBXFileReference</string>
				<key>name</key>
				<string>ofxOscSender.h</string>
				<key>path</key>
				<string>../../../../../Documents/_gllm/of_git/of_v20170714_osx_release/addons/ofxOsc/src/ofxOscSender.h</string>
				<key>sourceTree</key>
				<string>SOURCE_ROOT</string>
			</dict>
			<key>355FBC44AD8A44D8841266FA</key>
			<dict>
				<key>fileRef</key>
				<string>510F0F877E52DD1E99E9C290</string>
				<key>isa</key>
				<string>PBXBuildFile</string>
			</dict>
			<key>510F0F877E52DD1E99E9C290</key>
			<dict>
				<key>explicitFileType</key>
				<string>sourcecode.cpp.cpp</string>
				<key>fileEncoding</key>
				<string>4</string>
				<key>isa</key>
				<string>PBXFileReference</string>
				<key>name</key>
				<string>ofxOscSender.cpp</string>
				<key>path</key>
				<string>../../../../../Documents/_gllm/of_git/of_v20170714_osx_release/addons/ofxOsc/src/ofxOscSender.cpp</string>
				<key>sourceTree</key>
				<string>SOURCE_ROOT</string>
			</dict>
			<key>0BE25B51C20B87C0AA1ADFC2</key>
			<dict>
				<key>explicitFileType</key>
				<string>sourcecode.c.h</string>
				<key>fileEncoding</key>
				<string>4</string>
				<key>isa</key>
				<string>PBXFileReference</string>
				<key>name</key>
				<string>ofxOscReceiver.h</string>
				<key>path</key>
				<string>../../../../../Documents/_gllm/of_git/of_v20170714_osx_release/addons/ofxOsc/src/ofxOscReceiver.h</string>
				<key>sourceTree</key>
				<string>SOURCE_ROOT</string>
			</dict>
			<key>C57D88DC73033440575262D2</key>
			<dict>
				<key>fileRef</key>
				<string>60927B35E4D9F8B80CA0F2B9</string>
				<key>isa</key>
				<string>PBXBuildFile</string>
			</dict>
			<key>60927B35E4D9F8B80CA0F2B9</key>
			<dict>
				<key>explicitFileType</key>
				<string>sourcecode.cpp.cpp</string>
				<key>fileEncoding</key>
				<string>4</string>
				<key>isa</key>
				<string>PBXFileReference</string>
				<key>name</key>
				<string>ofxOscReceiver.cpp</string>
				<key>path</key>
				<string>../../../../../Documents/_gllm/of_git/of_v20170714_osx_release/addons/ofxOsc/src/ofxOscReceiver.cpp</string>
				<key>sourceTree</key>
				<string>SOURCE_ROOT</string>
			</dict>
			<key>7248397A02FB722F1944CF22</key>
			<dict>
				<key>explicitFileType</key>
				<string>sourcecode.c.h</string>
				<key>fileEncoding</key>
				<string>4</string>
				<key>isa</key>
				<string>PBXFileReference</string>
				<key>name</key>
				<string>ofxOscParameterSync.h</string>
				<key>path</key>
				<string>../../../../../Documents/_gllm/of_git/of_v20170714_osx_release/addons/ofxOsc/src/ofxOscParameterSync.h</string>
				<key>sourceTree</key>
				<string>SOURCE_ROOT</string>
			</dict>
			<key>E23A43B2AD28372ACAA8BC14</key>
			<dict>
				<key>fileRef</key>
				<string>3DD3631B45FF139B7C2B9879</string>
				<key>isa</key>
				<string>PBXBuildFile</string>
			</dict>
			<key>3DD3631B45FF139B7C2B9879</key>
			<dict>
				<key>explicitFileType</key>
				<string>sourcecode.cpp.cpp</string>
				<key>fileEncoding</key>
				<string>4</string>
				<key>isa</key>
				<string>PBXFileReference</string>
				<key>name</key>
				<string>ofxOscParameterSync.cpp</string>
				<key>path</key>
				<string>../../../../../Documents/_gllm/of_git/of_v20170714_osx_release/addons/ofxOsc/src/ofxOscParameterSync.cpp</string>
				<key>sourceTree</key>
				<string>SOURCE_ROOT</string>
			</dict>
			<key>1BB852014403BE997AD2C3EF</key>
			<dict>
				<key>explicitFileType</key>
				<string>sourcecode.c.h</string>
				<key>fileEncoding</key>
				<string>4</string>
				<key>isa</key>
				<string>PBXFileReference</string>
				<key>name</key>
				<string>ofxOscMessage.h</string>
				<key>path</key>
				<string>../../../../../Documents/_gllm/of_git/of_v20170714_osx_release/addons/ofxOsc/src/ofxOscMessage.h</string>
				<key>sourceTree</key>
				<string>SOURCE_ROOT</string>
			</dict>
			<key>C1E9B99D7EC9237830176ED3</key>
			<dict>
				<key>fileRef</key>
				<string>67C9EA873E1B26443A78E29B</string>
				<key>isa</key>
				<string>PBXBuildFile</string>
			</dict>
			<key>67C9EA873E1B26443A78E29B</key>
			<dict>
				<key>explicitFileType</key>
				<string>sourcecode.cpp.cpp</string>
				<key>fileEncoding</key>
				<string>4</string>
				<key>isa</key>
				<string>PBXFileReference</string>
				<key>name</key>
				<string>ofxOscMessage.cpp</string>
				<key>path</key>
				<string>../../../../../Documents/_gllm/of_git/of_v20170714_osx_release/addons/ofxOsc/src/ofxOscMessage.cpp</string>
				<key>sourceTree</key>
				<string>SOURCE_ROOT</string>
			</dict>
			<key>054781CC5DBFE8E7765D68B2</key>
			<dict>
				<key>explicitFileType</key>
				<string>sourcecode.c.h</string>
				<key>fileEncoding</key>
				<string>4</string>
				<key>isa</key>
				<string>PBXFileReference</string>
				<key>name</key>
				<string>ofxOscBundle.h</string>
				<key>path</key>
				<string>../../../../../Documents/_gllm/of_git/of_v20170714_osx_release/addons/ofxOsc/src/ofxOscBundle.h</string>
				<key>sourceTree</key>
				<string>SOURCE_ROOT</string>
			</dict>
			<key>8E8E89E47A5AB45FD182BDF7</key>
			<dict>
				<key>fileRef</key>
				<string>36CF9A3DBB0E16BB2C6D90F7</string>
				<key>isa</key>
				<string>PBXBuildFile</string>
			</dict>
			<key>36CF9A3DBB0E16BB2C6D90F7</key>
			<dict>
				<key>explicitFileType</key>
				<string>sourcecode.cpp.cpp</string>
				<key>fileEncoding</key>
				<string>4</string>
				<key>isa</key>
				<string>PBXFileReference</string>
				<key>name</key>
				<string>ofxOscBundle.cpp</string>
				<key>path</key>
				<string>../../../../../Documents/_gllm/of_git/of_v20170714_osx_release/addons/ofxOsc/src/ofxOscBundle.cpp</string>
				<key>sourceTree</key>
				<string>SOURCE_ROOT</string>
			</dict>
			<key>766D952156EBC4DE6CFD1888</key>
			<dict>
				<key>explicitFileType</key>
				<string>sourcecode.c.h</string>
				<key>fileEncoding</key>
				<string>4</string>
				<key>isa</key>
				<string>PBXFileReference</string>
				<key>name</key>
				<string>ofxOscArg.h</string>
				<key>path</key>
				<string>../../../../../Documents/_gllm/of_git/of_v20170714_osx_release/addons/ofxOsc/src/ofxOscArg.h</string>
				<key>sourceTree</key>
				<string>SOURCE_ROOT</string>
			</dict>
			<key>BD2F1A9F8D0C05EDB29122D0</key>
			<dict>
				<key>children</key>
				<array>
					<string>76BFA433058EFC5E5D1A34B7</string>
					<string>766D952156EBC4DE6CFD1888</string>
					<string>36CF9A3DBB0E16BB2C6D90F7</string>
					<string>054781CC5DBFE8E7765D68B2</string>
					<string>67C9EA873E1B26443A78E29B</string>
					<string>1BB852014403BE997AD2C3EF</string>
					<string>3DD3631B45FF139B7C2B9879</string>
					<string>7248397A02FB722F1944CF22</string>
					<string>60927B35E4D9F8B80CA0F2B9</string>
					<string>0BE25B51C20B87C0AA1ADFC2</string>
					<string>510F0F877E52DD1E99E9C290</string>
					<string>611E491549F08B908D13EEEA</string>
				</array>
				<key>isa</key>
				<string>PBXGroup</string>
				<key>name</key>
				<string>src</string>
				<key>sourceTree</key>
				<string>&lt;group&gt;</string>
			</dict>
			<key>E6053AB7FEC63D5F83825B88</key>
			<dict>
				<key>children</key>
				<array>
					<string>BD2F1A9F8D0C05EDB29122D0</string>
					<string>38871A5825686AE018EC2BF0</string>
				</array>
				<key>isa</key>
				<string>PBXGroup</string>
				<key>name</key>
				<string>ofxOsc</string>
				<key>sourceTree</key>
				<string>&lt;group&gt;</string>
			</dict>
			<key>76BFA433058EFC5E5D1A34B7</key>
			<dict>
				<key>explicitFileType</key>
				<string>sourcecode.c.h</string>
				<key>fileEncoding</key>
				<string>4</string>
				<key>isa</key>
				<string>PBXFileReference</string>
				<key>name</key>
				<string>ofxOsc.h</string>
				<key>path</key>
				<string>../../../../../Documents/_gllm/of_git/of_v20170714_osx_release/addons/ofxOsc/src/ofxOsc.h</string>
				<key>sourceTree</key>
				<string>SOURCE_ROOT</string>
			</dict>
			<key>0D393A6AAD1E3C79C96A47EC</key>
			<dict>
				<key>explicitFileType</key>
				<string>sourcecode.c.h</string>
				<key>fileEncoding</key>
				<string>4</string>
				<key>isa</key>
				<string>PBXFileReference</string>
				<key>name</key>
				<string>ofxToggle.h</string>
				<key>path</key>
				<string>../../../../../Documents/_gllm/of_git/of_v20170714_osx_release/addons/ofxGui/src/ofxToggle.h</string>
				<key>sourceTree</key>
				<string>SOURCE_ROOT</string>
			</dict>
			<key>98248E59F5AFBD1D0D4F3902</key>
			<dict>
				<key>fileRef</key>
				<string>A050BE1FC866B21EA8CBE20B</string>
				<key>isa</key>
				<string>PBXBuildFile</string>
			</dict>
			<key>A050BE1FC866B21EA8CBE20B</key>
			<dict>
				<key>explicitFileType</key>
				<string>sourcecode.cpp.cpp</string>
				<key>fileEncoding</key>
				<string>4</string>
				<key>isa</key>
				<string>PBXFileReference</string>
				<key>name</key>
				<string>ofxToggle.cpp</string>
				<key>path</key>
				<string>../../../../../Documents/_gllm/of_git/of_v20170714_osx_release/addons/ofxGui/src/ofxToggle.cpp</string>
				<key>sourceTree</key>
				<string>SOURCE_ROOT</string>
			</dict>
			<key>3432DF5D7F946C09394DA252</key>
			<dict>
				<key>explicitFileType</key>
				<string>sourcecode.c.h</string>
				<key>fileEncoding</key>
				<string>4</string>
				<key>isa</key>
				<string>PBXFileReference</string>
				<key>name</key>
				<string>ofxSliderGroup.h</string>
				<key>path</key>
				<string>../../../../../Documents/_gllm/of_git/of_v20170714_osx_release/addons/ofxGui/src/ofxSliderGroup.h</string>
				<key>sourceTree</key>
				<string>SOURCE_ROOT</string>
			</dict>
			<key>C1DC9A6EF921EFD19521CA65</key>
			<dict>
				<key>fileRef</key>
				<string>E9A874F4C1479D46FB54FE8D</string>
				<key>isa</key>
				<string>PBXBuildFile</string>
			</dict>
			<key>E9A874F4C1479D46FB54FE8D</key>
			<dict>
				<key>explicitFileType</key>
				<string>sourcecode.cpp.cpp</string>
				<key>fileEncoding</key>
				<string>4</string>
				<key>isa</key>
				<string>PBXFileReference</string>
				<key>name</key>
				<string>ofxSliderGroup.cpp</string>
				<key>path</key>
				<string>../../../../../Documents/_gllm/of_git/of_v20170714_osx_release/addons/ofxGui/src/ofxSliderGroup.cpp</string>
				<key>sourceTree</key>
				<string>SOURCE_ROOT</string>
			</dict>
			<key>AF93AD51B935BB0122BC4B85</key>
			<dict>
				<key>explicitFileType</key>
				<string>sourcecode.c.h</string>
				<key>fileEncoding</key>
				<string>4</string>
				<key>isa</key>
				<string>PBXFileReference</string>
				<key>name</key>
				<string>ofxSlider.h</string>
				<key>path</key>
				<string>../../../../../Documents/_gllm/of_git/of_v20170714_osx_release/addons/ofxGui/src/ofxSlider.h</string>
				<key>sourceTree</key>
				<string>SOURCE_ROOT</string>
			</dict>
			<key>815BF1AE129D2C5ED47D4C59</key>
			<dict>
				<key>fileRef</key>
				<string>0E4030F193A2A100FE6BBF79</string>
				<key>isa</key>
				<string>PBXBuildFile</string>
			</dict>
			<key>0E4030F193A2A100FE6BBF79</key>
			<dict>
				<key>explicitFileType</key>
				<string>sourcecode.cpp.cpp</string>
				<key>fileEncoding</key>
				<string>4</string>
				<key>isa</key>
				<string>PBXFileReference</string>
				<key>name</key>
				<string>ofxSlider.cpp</string>
				<key>path</key>
				<string>../../../../../Documents/_gllm/of_git/of_v20170714_osx_release/addons/ofxGui/src/ofxSlider.cpp</string>
				<key>sourceTree</key>
				<string>SOURCE_ROOT</string>
			</dict>
			<key>E7C0BAC56AA93B34AD951D0F</key>
			<dict>
				<key>explicitFileType</key>
				<string>sourcecode.c.h</string>
				<key>fileEncoding</key>
				<string>4</string>
				<key>isa</key>
				<string>PBXFileReference</string>
				<key>name</key>
				<string>ofxPanel.h</string>
				<key>path</key>
				<string>../../../../../Documents/_gllm/of_git/of_v20170714_osx_release/addons/ofxGui/src/ofxPanel.h</string>
				<key>sourceTree</key>
				<string>SOURCE_ROOT</string>
			</dict>
			<key>24120C906B40EC9A0A82427B</key>
			<dict>
				<key>fileRef</key>
				<string>F3183578E67E91A8C9967C5D</string>
				<key>isa</key>
				<string>PBXBuildFile</string>
			</dict>
			<key>F3183578E67E91A8C9967C5D</key>
			<dict>
				<key>explicitFileType</key>
				<string>sourcecode.cpp.cpp</string>
				<key>fileEncoding</key>
				<string>4</string>
				<key>isa</key>
				<string>PBXFileReference</string>
				<key>name</key>
				<string>ofxPanel.cpp</string>
				<key>path</key>
				<string>../../../../../Documents/_gllm/of_git/of_v20170714_osx_release/addons/ofxGui/src/ofxPanel.cpp</string>
				<key>sourceTree</key>
				<string>SOURCE_ROOT</string>
			</dict>
			<key>B92F386631397E3381E94A01</key>
			<dict>
				<key>explicitFileType</key>
				<string>sourcecode.c.h</string>
				<key>fileEncoding</key>
				<string>4</string>
				<key>isa</key>
				<string>PBXFileReference</string>
				<key>name</key>
				<string>ofxLabel.h</string>
				<key>path</key>
				<string>../../../../../Documents/_gllm/of_git/of_v20170714_osx_release/addons/ofxGui/src/ofxLabel.h</string>
				<key>sourceTree</key>
				<string>SOURCE_ROOT</string>
			</dict>
			<key>4229573E67B790B93F3F46FA</key>
			<dict>
				<key>fileRef</key>
				<string>1E559D3797689CE6F62F9C9B</string>
				<key>isa</key>
				<string>PBXBuildFile</string>
			</dict>
			<key>1E559D3797689CE6F62F9C9B</key>
			<dict>
				<key>explicitFileType</key>
				<string>sourcecode.cpp.cpp</string>
				<key>fileEncoding</key>
				<string>4</string>
				<key>isa</key>
				<string>PBXFileReference</string>
				<key>name</key>
				<string>ofxLabel.cpp</string>
				<key>path</key>
				<string>../../../../../Documents/_gllm/of_git/of_v20170714_osx_release/addons/ofxGui/src/ofxLabel.cpp</string>
				<key>sourceTree</key>
				<string>SOURCE_ROOT</string>
			</dict>
			<key>74CEE8486920A8FEE925F942</key>
			<dict>
				<key>explicitFileType</key>
				<string>sourcecode.c.h</string>
				<key>fileEncoding</key>
				<string>4</string>
				<key>isa</key>
				<string>PBXFileReference</string>
				<key>name</key>
				<string>ofxInputField.h</string>
				<key>path</key>
				<string>../../../../../Documents/_gllm/of_git/of_v20170714_osx_release/addons/ofxGui/src/ofxInputField.h</string>
				<key>sourceTree</key>
				<string>SOURCE_ROOT</string>
			</dict>
			<key>812FE735B0DD2423B3C53CE5</key>
			<dict>
				<key>fileRef</key>
				<string>55E85460ECB6EB5787D1A8FE</string>
				<key>isa</key>
				<string>PBXBuildFile</string>
			</dict>
			<key>55E85460ECB6EB5787D1A8FE</key>
			<dict>
				<key>explicitFileType</key>
				<string>sourcecode.cpp.cpp</string>
				<key>fileEncoding</key>
				<string>4</string>
				<key>isa</key>
				<string>PBXFileReference</string>
				<key>name</key>
				<string>ofxInputField.cpp</string>
				<key>path</key>
				<string>../../../../../Documents/_gllm/of_git/of_v20170714_osx_release/addons/ofxGui/src/ofxInputField.cpp</string>
				<key>sourceTree</key>
				<string>SOURCE_ROOT</string>
			</dict>
			<key>7715FF461B80ECD048A9129C</key>
			<dict>
				<key>explicitFileType</key>
				<string>sourcecode.c.h</string>
				<key>fileEncoding</key>
				<string>4</string>
				<key>isa</key>
				<string>PBXFileReference</string>
				<key>name</key>
				<string>ofxGuiGroup.h</string>
				<key>path</key>
				<string>../../../../../Documents/_gllm/of_git/of_v20170714_osx_release/addons/ofxGui/src/ofxGuiGroup.h</string>
				<key>sourceTree</key>
				<string>SOURCE_ROOT</string>
			</dict>
			<key>2FB9657F785CBF99A1F3E8DB</key>
			<dict>
				<key>fileRef</key>
				<string>2AFCF9E3D02CE71CBEE7F50B</string>
				<key>isa</key>
				<string>PBXBuildFile</string>
			</dict>
			<key>2AFCF9E3D02CE71CBEE7F50B</key>
			<dict>
				<key>explicitFileType</key>
				<string>sourcecode.cpp.cpp</string>
				<key>fileEncoding</key>
				<string>4</string>
				<key>isa</key>
				<string>PBXFileReference</string>
				<key>name</key>
				<string>ofxGuiGroup.cpp</string>
				<key>path</key>
				<string>../../../../../Documents/_gllm/of_git/of_v20170714_osx_release/addons/ofxGui/src/ofxGuiGroup.cpp</string>
				<key>sourceTree</key>
				<string>SOURCE_ROOT</string>
			</dict>
			<key>BBDAA28911BEFB047C4E200A</key>
			<dict>
				<key>explicitFileType</key>
				<string>sourcecode.c.h</string>
				<key>fileEncoding</key>
				<string>4</string>
				<key>isa</key>
				<string>PBXFileReference</string>
				<key>name</key>
				<string>ofxGui.h</string>
				<key>path</key>
				<string>../../../../../Documents/_gllm/of_git/of_v20170714_osx_release/addons/ofxGui/src/ofxGui.h</string>
				<key>sourceTree</key>
				<string>SOURCE_ROOT</string>
			</dict>
			<key>1CFD97A159CD338B32B04770</key>
			<dict>
				<key>explicitFileType</key>
				<string>sourcecode.c.h</string>
				<key>fileEncoding</key>
				<string>4</string>
				<key>isa</key>
				<string>PBXFileReference</string>
				<key>name</key>
				<string>ofxColorPicker.h</string>
				<key>path</key>
				<string>../../../../../Documents/_gllm/of_git/of_v20170714_osx_release/addons/ofxGui/src/ofxColorPicker.h</string>
				<key>sourceTree</key>
				<string>SOURCE_ROOT</string>
			</dict>
			<key>F7E6B1A5D30C281E787AA1EC</key>
			<dict>
				<key>fileRef</key>
				<string>09E1032D3C278C87994EFEE9</string>
				<key>isa</key>
				<string>PBXBuildFile</string>
			</dict>
			<key>09E1032D3C278C87994EFEE9</key>
			<dict>
				<key>explicitFileType</key>
				<string>sourcecode.cpp.cpp</string>
				<key>fileEncoding</key>
				<string>4</string>
				<key>isa</key>
				<string>PBXFileReference</string>
				<key>name</key>
				<string>ofxColorPicker.cpp</string>
				<key>path</key>
				<string>../../../../../Documents/_gllm/of_git/of_v20170714_osx_release/addons/ofxGui/src/ofxColorPicker.cpp</string>
				<key>sourceTree</key>
				<string>SOURCE_ROOT</string>
			</dict>
			<key>45393B33EB8F93F4E380DD4A</key>
			<dict>
				<key>explicitFileType</key>
				<string>sourcecode.c.h</string>
				<key>fileEncoding</key>
				<string>4</string>
				<key>isa</key>
				<string>PBXFileReference</string>
				<key>name</key>
				<string>ofxButton.h</string>
				<key>path</key>
				<string>../../../../../Documents/_gllm/of_git/of_v20170714_osx_release/addons/ofxGui/src/ofxButton.h</string>
				<key>sourceTree</key>
				<string>SOURCE_ROOT</string>
			</dict>
			<key>72A72A36C4C8A790E8248282</key>
			<dict>
				<key>fileRef</key>
				<string>8DC5AC4A1F03E87704BDC09F</string>
				<key>isa</key>
				<string>PBXBuildFile</string>
			</dict>
			<key>8DC5AC4A1F03E87704BDC09F</key>
			<dict>
				<key>explicitFileType</key>
				<string>sourcecode.cpp.cpp</string>
				<key>fileEncoding</key>
				<string>4</string>
				<key>isa</key>
				<string>PBXFileReference</string>
				<key>name</key>
				<string>ofxButton.cpp</string>
				<key>path</key>
				<string>../../../../../Documents/_gllm/of_git/of_v20170714_osx_release/addons/ofxGui/src/ofxButton.cpp</string>
				<key>sourceTree</key>
				<string>SOURCE_ROOT</string>
			</dict>
			<key>C2F3D9998C3998490E4F7D01</key>
			<dict>
				<key>explicitFileType</key>
				<string>sourcecode.c.h</string>
				<key>fileEncoding</key>
				<string>4</string>
				<key>isa</key>
				<string>PBXFileReference</string>
				<key>name</key>
				<string>ofxBaseGui.h</string>
				<key>path</key>
				<string>../../../../../Documents/_gllm/of_git/of_v20170714_osx_release/addons/ofxGui/src/ofxBaseGui.h</string>
				<key>sourceTree</key>
				<string>SOURCE_ROOT</string>
			</dict>
			<key>A763ED608B35AE3310251DEE</key>
			<dict>
				<key>children</key>
				<array>
					<string>03FBAA7CF19603519F9B6E44</string>
					<string>C2F3D9998C3998490E4F7D01</string>
					<string>8DC5AC4A1F03E87704BDC09F</string>
					<string>45393B33EB8F93F4E380DD4A</string>
					<string>09E1032D3C278C87994EFEE9</string>
					<string>1CFD97A159CD338B32B04770</string>
					<string>BBDAA28911BEFB047C4E200A</string>
					<string>2AFCF9E3D02CE71CBEE7F50B</string>
					<string>7715FF461B80ECD048A9129C</string>
					<string>55E85460ECB6EB5787D1A8FE</string>
					<string>74CEE8486920A8FEE925F942</string>
					<string>1E559D3797689CE6F62F9C9B</string>
					<string>B92F386631397E3381E94A01</string>
					<string>F3183578E67E91A8C9967C5D</string>
					<string>E7C0BAC56AA93B34AD951D0F</string>
					<string>0E4030F193A2A100FE6BBF79</string>
					<string>AF93AD51B935BB0122BC4B85</string>
					<string>E9A874F4C1479D46FB54FE8D</string>
					<string>3432DF5D7F946C09394DA252</string>
					<string>A050BE1FC866B21EA8CBE20B</string>
					<string>0D393A6AAD1E3C79C96A47EC</string>
				</array>
				<key>isa</key>
				<string>PBXGroup</string>
				<key>name</key>
				<string>src</string>
				<key>sourceTree</key>
				<string>&lt;group&gt;</string>
			</dict>
			<key>480A780D8D0308AE4A368801</key>
			<dict>
				<key>children</key>
				<array>
					<string>A763ED608B35AE3310251DEE</string>
				</array>
				<key>isa</key>
				<string>PBXGroup</string>
				<key>name</key>
				<string>ofxGui</string>
				<key>sourceTree</key>
				<string>&lt;group&gt;</string>
			</dict>
			<key>C6778B6C30AC12342F043197</key>
			<dict>
				<key>fileRef</key>
				<string>03FBAA7CF19603519F9B6E44</string>
				<key>isa</key>
				<string>PBXBuildFile</string>
			</dict>
			<key>03FBAA7CF19603519F9B6E44</key>
			<dict>
				<key>explicitFileType</key>
				<string>sourcecode.cpp.cpp</string>
				<key>fileEncoding</key>
				<string>4</string>
				<key>isa</key>
				<string>PBXFileReference</string>
				<key>name</key>
				<string>ofxBaseGui.cpp</string>
				<key>path</key>
				<string>../../../../../Documents/_gllm/of_git/of_v20170714_osx_release/addons/ofxGui/src/ofxBaseGui.cpp</string>
				<key>sourceTree</key>
				<string>SOURCE_ROOT</string>
			</dict>
			<key>6948EE371B920CB800B5AC1A</key>
			<dict>
				<key>children</key>
				<array />
				<key>isa</key>
				<string>PBXGroup</string>
				<key>name</key>
				<string>local_addons</string>
				<key>sourceTree</key>
				<string>&lt;group&gt;</string>
			</dict>
			<key>8466F1851C04CA0E00918B1C</key>
			<dict>
				<key>buildActionMask</key>
				<string>12</string>
				<key>files</key>
				<array />
				<key>inputPaths</key>
				<array />
				<key>isa</key>
				<string>PBXShellScriptBuildPhase</string>
				<key>outputPaths</key>
				<array />
				<key>runOnlyForDeploymentPostprocessing</key>
				<string>0</string>
				<key>shellPath</key>
				<string>/bin/sh</string>
				<key>shellScript</key>
				<string>echo "$GCC_PREPROCESSOR_DEFINITIONS";
APPSTORE=`expr "$GCC_PREPROCESSOR_DEFINITIONS" : ".*APPSTORE=\([0-9]*\)"`
if [ -z "$APPSTORE" ] ; then
echo "Note: Not copying bin/data to App Package or doing App Code signing. Use AppStore target for AppStore distribution";
else
# Copy bin/data into App/Resources
rsync -avz --exclude='.DS_Store' "${SRCROOT}/bin/data/" "${TARGET_BUILD_DIR}/${UNLOCALIZED_RESOURCES_FOLDER_PATH}/data/"

# ---- Code Sign App Package ----

# WARNING: You may have to run Clean in Xcode after changing CODE_SIGN_IDENTITY!

# Verify that $CODE_SIGN_IDENTITY is set
if [ -z "${CODE_SIGN_IDENTITY}" ] ; then
echo "CODE_SIGN_IDENTITY needs to be set for framework code-signing"
exit 0
fi

if [ -z "${CODE_SIGN_ENTITLEMENTS}" ] ; then
echo "CODE_SIGN_ENTITLEMENTS needs to be set for framework code-signing!"

if [ "${CONFIGURATION}" = "Release" ] ; then
exit 1
else
# Code-signing is optional for non-release builds.
exit 0
fi
fi

ITEMS=""

FRAMEWORKS_DIR="${TARGET_BUILD_DIR}/${FRAMEWORKS_FOLDER_PATH}"
echo "$FRAMEWORKS_DIR"
if [ -d "$FRAMEWORKS_DIR" ] ; then
FRAMEWORKS=$(find "${FRAMEWORKS_DIR}" -depth -type d -name "*.framework" -or -name "*.dylib" -or -name "*.bundle" | sed -e "s/\(.*framework\)/\1\/Versions\/A\//")
RESULT=$?
if [[ $RESULT != 0 ]] ; then
exit 1
fi

ITEMS="${FRAMEWORKS}"
fi

LOGINITEMS_DIR="${TARGET_BUILD_DIR}/${CONTENTS_FOLDER_PATH}/Library/LoginItems/"
if [ -d "$LOGINITEMS_DIR" ] ; then
LOGINITEMS=$(find "${LOGINITEMS_DIR}" -depth -type d -name "*.app")
RESULT=$?
if [[ $RESULT != 0 ]] ; then
exit 1
fi

ITEMS="${ITEMS}"$'\n'"${LOGINITEMS}"
fi

# Prefer the expanded name, if available.
CODE_SIGN_IDENTITY_FOR_ITEMS="${EXPANDED_CODE_SIGN_IDENTITY_NAME}"
if [ "${CODE_SIGN_IDENTITY_FOR_ITEMS}" = "" ] ; then
# Fall back to old behavior.
CODE_SIGN_IDENTITY_FOR_ITEMS="${CODE_SIGN_IDENTITY}"
fi

echo "Identity:"
echo "${CODE_SIGN_IDENTITY_FOR_ITEMS}"

echo "Entitlements:"
echo "${CODE_SIGN_ENTITLEMENTS}"

echo "Found:"
echo "${ITEMS}"

# Change the Internal Field Separator (IFS) so that spaces in paths will not cause problems below.
SAVED_IFS=$IFS
IFS=$(echo -en "\n\b")

# Loop through all items.
for ITEM in $ITEMS;
do
echo "Signing '${ITEM}'"
codesign --force --verbose --sign "${CODE_SIGN_IDENTITY_FOR_ITEMS}" --entitlements "${CODE_SIGN_ENTITLEMENTS}" "${ITEM}"
RESULT=$?
if [[ $RESULT != 0 ]] ; then
echo "Failed to sign '${ITEM}'."
IFS=$SAVED_IFS
exit 1
fi
done

# Restore $IFS.
IFS=$SAVED_IFS

fi
</string>
			</dict>
			<key>99FA3DBB1C7456C400CFA0EE</key>
			<dict>
				<key>baseConfigurationReference</key>
				<string>E4EB6923138AFD0F00A09F29</string>
				<key>buildSettings</key>
				<dict>
					<key>HEADER_SEARCH_PATHS</key>
					<array>
						<string>$(OF_CORE_HEADERS)</string>
						<string>../../../../../Documents/_gllm/of_git/of_v20170714_osx_release/addons/ofxGui/src</string>
						<string>../../../../../Documents/_gllm/of_git/of_v20170714_osx_release/addons/ofxOsc/libs</string>
						<string>../../../../../Documents/_gllm/of_git/of_v20170714_osx_release/addons/ofxOsc/libs/oscpack</string>
						<string>../../../../../Documents/_gllm/of_git/of_v20170714_osx_release/addons/ofxOsc/libs/oscpack/src</string>
						<string>../../../../../Documents/_gllm/of_git/of_v20170714_osx_release/addons/ofxOsc/libs/oscpack/src/ip</string>
						<string>../../../../../Documents/_gllm/of_git/of_v20170714_osx_release/addons/ofxOsc/libs/oscpack/src/ip/posix</string>
						<string>../../../../../Documents/_gllm/of_git/of_v20170714_osx_release/addons/ofxOsc/libs/oscpack/src/ip/win32</string>
						<string>../../../../../Documents/_gllm/of_git/of_v20170714_osx_release/addons/ofxOsc/libs/oscpack/src/osc</string>
						<string>../../../../../Documents/_gllm/of_git/of_v20170714_osx_release/addons/ofxOsc/src</string>
					</array>
					<key>CONFIGURATION_BUILD_DIR</key>
					<string>$(SRCROOT)/bin/</string>
					<key>COPY_PHASE_STRIP</key>
					<string>YES</string>
					<key>DEAD_CODE_STRIPPING</key>
					<string>YES</string>
					<key>GCC_AUTO_VECTORIZATION</key>
					<string>YES</string>
					<key>GCC_ENABLE_SSE3_EXTENSIONS</key>
					<string>YES</string>
					<key>GCC_ENABLE_SUPPLEMENTAL_SSE3_INSTRUCTIONS</key>
					<string>YES</string>
					<key>GCC_INLINES_ARE_PRIVATE_EXTERN</key>
					<string>NO</string>
					<key>GCC_OPTIMIZATION_LEVEL</key>
					<string>3</string>
					<key>GCC_PREPROCESSOR_DEFINITIONS[arch=*]</key>
					<string>DISTRIBUTION=1</string>
					<key>GCC_SYMBOLS_PRIVATE_EXTERN</key>
					<string>NO</string>
					<key>GCC_UNROLL_LOOPS</key>
					<string>YES</string>
					<key>GCC_WARN_ABOUT_DEPRECATED_FUNCTIONS</key>
					<string>YES</string>
					<key>GCC_WARN_ABOUT_INVALID_OFFSETOF_MACRO</key>
					<string>NO</string>
					<key>GCC_WARN_ALLOW_INCOMPLETE_PROTOCOL</key>
					<string>NO</string>
					<key>GCC_WARN_UNINITIALIZED_AUTOS</key>
					<string>NO</string>
					<key>GCC_WARN_UNUSED_VALUE</key>
					<string>NO</string>
					<key>GCC_WARN_UNUSED_VARIABLE</key>
					<string>NO</string>
					<key>MACOSX_DEPLOYMENT_TARGET</key>
					<string>10.9</string>
					<key>OTHER_CPLUSPLUSFLAGS</key>
					<array>
						<string>-D__MACOSX_CORE__</string>
						<string>-mtune=native</string>
					</array>
					<key>SDKROOT</key>
					<string>macosx</string>
				</dict>
				<key>isa</key>
				<string>XCBuildConfiguration</string>
				<key>name</key>
				<string>AppStore</string>
			</dict>
			<key>99FA3DBC1C7456C400CFA0EE</key>
			<dict>
				<key>baseConfigurationReference</key>
				<string>E4EB6923138AFD0F00A09F29</string>
				<key>buildSettings</key>
				<dict>
					<key>HEADER_SEARCH_PATHS</key>
					<array>
						<string>$(OF_CORE_HEADERS)</string>
						<string>../../../../../Documents/_gllm/of_git/of_v20170714_osx_release/addons/ofxGui/src</string>
						<string>../../../../../Documents/_gllm/of_git/of_v20170714_osx_release/addons/ofxOsc/libs</string>
						<string>../../../../../Documents/_gllm/of_git/of_v20170714_osx_release/addons/ofxOsc/libs/oscpack</string>
						<string>../../../../../Documents/_gllm/of_git/of_v20170714_osx_release/addons/ofxOsc/libs/oscpack/src</string>
						<string>../../../../../Documents/_gllm/of_git/of_v20170714_osx_release/addons/ofxOsc/libs/oscpack/src/ip</string>
						<string>../../../../../Documents/_gllm/of_git/of_v20170714_osx_release/addons/ofxOsc/libs/oscpack/src/ip/posix</string>
						<string>../../../../../Documents/_gllm/of_git/of_v20170714_osx_release/addons/ofxOsc/libs/oscpack/src/ip/win32</string>
						<string>../../../../../Documents/_gllm/of_git/of_v20170714_osx_release/addons/ofxOsc/libs/oscpack/src/osc</string>
						<string>../../../../../Documents/_gllm/of_git/of_v20170714_osx_release/addons/ofxOsc/src</string>
					</array>
					<key>COMBINE_HIDPI_IMAGES</key>
					<string>YES</string>
					<key>COPY_PHASE_STRIP</key>
					<string>YES</string>
					<key>FRAMEWORK_SEARCH_PATHS</key>
					<string>$(inherited)</string>
					<key>GCC_GENERATE_DEBUGGING_SYMBOLS</key>
					<string>YES</string>
					<key>GCC_MODEL_TUNING</key>
					<string>NONE</string>
					<key>GCC_PREPROCESSOR_DEFINITIONS[arch=*]</key>
					<string>APPSTORE=1</string>
					<key>ICON</key>
					<string>$(ICON_NAME_RELEASE)</string>
					<key>ICON_FILE</key>
					<string>$(ICON_FILE_PATH)$(ICON)</string>
					<key>INFOPLIST_FILE</key>
					<string>openFrameworks-Info.plist</string>
					<key>INSTALL_PATH</key>
					<string>/Applications</string>
					<key>LIBRARY_SEARCH_PATHS</key>
					<string>$(inherited)</string>
					<key>PRODUCT_NAME</key>
					<string>$(TARGET_NAME)</string>
					<key>WRAPPER_EXTENSION</key>
					<string>app</string>
					<key>baseConfigurationReference</key>
					<string>E4EB6923138AFD0F00A09F29</string>
				</dict>
				<key>isa</key>
				<string>XCBuildConfiguration</string>
				<key>name</key>
				<string>AppStore</string>
			</dict>
			<key>BB4B014C10F69532006C3DED</key>
			<dict>
				<key>children</key>
				<array>
					<string>480A780D8D0308AE4A368801</string>
					<string>E6053AB7FEC63D5F83825B88</string>
				</array>
				<key>isa</key>
				<string>PBXGroup</string>
				<key>name</key>
				<string>addons</string>
				<key>sourceTree</key>
				<string>&lt;group&gt;</string>
			</dict>
			<key>E4328143138ABC890047C5CB</key>
			<dict>
				<key>isa</key>
				<string>PBXFileReference</string>
				<key>lastKnownFileType</key>
				<string>wrapper.pb-project</string>
				<key>name</key>
				<string>openFrameworksLib.xcodeproj</string>
				<key>path</key>
				<string>../../../../../Documents/_gllm/of_git/of_v20170714_osx_release/libs/openFrameworksCompiled/project/osx/openFrameworksLib.xcodeproj</string>
				<key>sourceTree</key>
				<string>SOURCE_ROOT</string>
			</dict>
			<key>E4328144138ABC890047C5CB</key>
			<dict>
				<key>children</key>
				<array>
					<string>E4328148138ABC890047C5CB</string>
				</array>
				<key>isa</key>
				<string>PBXGroup</string>
				<key>name</key>
				<string>Products</string>
				<key>sourceTree</key>
				<string>&lt;group&gt;</string>
			</dict>
			<key>E4328147138ABC890047C5CB</key>
			<dict>
				<key>containerPortal</key>
				<string>E4328143138ABC890047C5CB</string>
				<key>isa</key>
				<string>PBXContainerItemProxy</string>
				<key>proxyType</key>
				<string>2</string>
				<key>remoteGlobalIDString</key>
				<string>E4B27C1510CBEB8E00536013</string>
				<key>remoteInfo</key>
				<string>openFrameworks</string>
			</dict>
			<key>E4328148138ABC890047C5CB</key>
			<dict>
				<key>fileType</key>
				<string>archive.ar</string>
				<key>isa</key>
				<string>PBXReferenceProxy</string>
				<key>path</key>
				<string>openFrameworksDebug.a</string>
				<key>remoteRef</key>
				<string>E4328147138ABC890047C5CB</string>
				<key>sourceTree</key>
				<string>BUILT_PRODUCTS_DIR</string>
			</dict>
			<key>E4328149138ABC9F0047C5CB</key>
			<dict>
				<key>fileRef</key>
				<string>E4328148138ABC890047C5CB</string>
				<key>isa</key>
				<string>PBXBuildFile</string>
			</dict>
			<key>E4B69B4A0A3A1720003C02F2</key>
			<dict>
				<key>children</key>
				<array>
					<string>E4B6FCAD0C3E899E008CF71C</string>
					<string>E4EB6923138AFD0F00A09F29</string>
					<string>E4B69E1C0A3A1BDC003C02F2</string>
					<string>E4EEC9E9138DF44700A80321</string>
					<string>BB4B014C10F69532006C3DED</string>
					<string>6948EE371B920CB800B5AC1A</string>
					<string>E4B69B5B0A3A1756003C02F2</string>
				</array>
				<key>isa</key>
				<string>PBXGroup</string>
				<key>sourceTree</key>
				<string>&lt;group&gt;</string>
			</dict>
			<key>E4B69B4C0A3A1720003C02F2</key>
			<dict>
				<key>attributes</key>
				<dict>
					<key>LastUpgradeCheck</key>
					<string>0600</string>
				</dict>
				<key>buildConfigurationList</key>
				<string>E4B69B4D0A3A1720003C02F2</string>
				<key>compatibilityVersion</key>
				<string>Xcode 3.2</string>
				<key>developmentRegion</key>
				<string>English</string>
				<key>hasScannedForEncodings</key>
				<string>0</string>
				<key>isa</key>
				<string>PBXProject</string>
				<key>knownRegions</key>
				<array>
					<string>English</string>
					<string>Japanese</string>
					<string>French</string>
					<string>German</string>
				</array>
				<key>mainGroup</key>
				<string>E4B69B4A0A3A1720003C02F2</string>
				<key>productRefGroup</key>
				<string>E4B69B4A0A3A1720003C02F2</string>
				<key>projectDirPath</key>
				<string />
				<key>projectReferences</key>
				<array>
					<dict>
						<key>ProductGroup</key>
						<string>E4328144138ABC890047C5CB</string>
						<key>ProjectRef</key>
						<string>E4328143138ABC890047C5CB</string>
					</dict>
				</array>
				<key>projectRoot</key>
				<string />
				<key>targets</key>
				<array>
					<string>E4B69B5A0A3A1756003C02F2</string>
				</array>
			</dict>
			<key>E4B69B4D0A3A1720003C02F2</key>
			<dict>
				<key>buildConfigurations</key>
				<array>
					<string>E4B69B4E0A3A1720003C02F2</string>
					<string>E4B69B4F0A3A1720003C02F2</string>
					<string>99FA3DBB1C7456C400CFA0EE</string>
				</array>
				<key>defaultConfigurationIsVisible</key>
				<string>0</string>
				<key>defaultConfigurationName</key>
				<string>Release</string>
				<key>isa</key>
				<string>XCConfigurationList</string>
			</dict>
			<key>E4B69B4E0A3A1720003C02F2</key>
			<dict>
				<key>baseConfigurationReference</key>
				<string>E4EB6923138AFD0F00A09F29</string>
				<key>buildSettings</key>
				<dict>
					<key>HEADER_SEARCH_PATHS</key>
					<array>
						<string>$(OF_CORE_HEADERS)</string>
						<string>../../../../../Documents/_gllm/of_git/of_v20170714_osx_release/addons/ofxGui/src</string>
						<string>../../../../../Documents/_gllm/of_git/of_v20170714_osx_release/addons/ofxOsc/libs</string>
						<string>../../../../../Documents/_gllm/of_git/of_v20170714_osx_release/addons/ofxOsc/libs/oscpack</string>
						<string>../../../../../Documents/_gllm/of_git/of_v20170714_osx_release/addons/ofxOsc/libs/oscpack/src</string>
						<string>../../../../../Documents/_gllm/of_git/of_v20170714_osx_release/addons/ofxOsc/libs/oscpack/src/ip</string>
						<string>../../../../../Documents/_gllm/of_git/of_v20170714_osx_release/addons/ofxOsc/libs/oscpack/src/ip/posix</string>
						<string>../../../../../Documents/_gllm/of_git/of_v20170714_osx_release/addons/ofxOsc/libs/oscpack/src/ip/win32</string>
						<string>../../../../../Documents/_gllm/of_git/of_v20170714_osx_release/addons/ofxOsc/libs/oscpack/src/osc</string>
						<string>../../../../../Documents/_gllm/of_git/of_v20170714_osx_release/addons/ofxOsc/src</string>
					</array>
					<key>CONFIGURATION_BUILD_DIR</key>
					<string>$(SRCROOT)/bin/</string>
					<key>COPY_PHASE_STRIP</key>
					<string>NO</string>
					<key>DEAD_CODE_STRIPPING</key>
					<string>YES</string>
					<key>GCC_AUTO_VECTORIZATION</key>
					<string>YES</string>
					<key>GCC_ENABLE_SSE3_EXTENSIONS</key>
					<string>YES</string>
					<key>GCC_ENABLE_SUPPLEMENTAL_SSE3_INSTRUCTIONS</key>
					<string>YES</string>
					<key>GCC_INLINES_ARE_PRIVATE_EXTERN</key>
					<string>NO</string>
					<key>GCC_OPTIMIZATION_LEVEL</key>
					<string>0</string>
					<key>GCC_SYMBOLS_PRIVATE_EXTERN</key>
					<string>NO</string>
					<key>GCC_WARN_ABOUT_DEPRECATED_FUNCTIONS</key>
					<string>YES</string>
					<key>GCC_WARN_ABOUT_INVALID_OFFSETOF_MACRO</key>
					<string>NO</string>
					<key>GCC_WARN_ALLOW_INCOMPLETE_PROTOCOL</key>
					<string>NO</string>
					<key>GCC_WARN_UNINITIALIZED_AUTOS</key>
					<string>NO</string>
					<key>GCC_WARN_UNUSED_VALUE</key>
					<string>NO</string>
					<key>GCC_WARN_UNUSED_VARIABLE</key>
					<string>NO</string>
					<key>MACOSX_DEPLOYMENT_TARGET</key>
					<string>10.9</string>
					<key>ONLY_ACTIVE_ARCH</key>
					<string>YES</string>
					<key>OTHER_CPLUSPLUSFLAGS</key>
					<array>
						<string>-D__MACOSX_CORE__</string>
						<string>-mtune=native</string>
					</array>
					<key>SDKROOT</key>
					<string>macosx</string>
				</dict>
				<key>isa</key>
				<string>XCBuildConfiguration</string>
				<key>name</key>
				<string>Debug</string>
			</dict>
			<key>E4B69B4F0A3A1720003C02F2</key>
			<dict>
				<key>baseConfigurationReference</key>
				<string>E4EB6923138AFD0F00A09F29</string>
				<key>buildSettings</key>
				<dict>
					<key>HEADER_SEARCH_PATHS</key>
					<array>
						<string>$(OF_CORE_HEADERS)</string>
						<string>../../../../../Documents/_gllm/of_git/of_v20170714_osx_release/addons/ofxGui/src</string>
						<string>../../../../../Documents/_gllm/of_git/of_v20170714_osx_release/addons/ofxOsc/libs</string>
						<string>../../../../../Documents/_gllm/of_git/of_v20170714_osx_release/addons/ofxOsc/libs/oscpack</string>
						<string>../../../../../Documents/_gllm/of_git/of_v20170714_osx_release/addons/ofxOsc/libs/oscpack/src</string>
						<string>../../../../../Documents/_gllm/of_git/of_v20170714_osx_release/addons/ofxOsc/libs/oscpack/src/ip</string>
						<string>../../../../../Documents/_gllm/of_git/of_v20170714_osx_release/addons/ofxOsc/libs/oscpack/src/ip/posix</string>
						<string>../../../../../Documents/_gllm/of_git/of_v20170714_osx_release/addons/ofxOsc/libs/oscpack/src/ip/win32</string>
						<string>../../../../../Documents/_gllm/of_git/of_v20170714_osx_release/addons/ofxOsc/libs/oscpack/src/osc</string>
						<string>../../../../../Documents/_gllm/of_git/of_v20170714_osx_release/addons/ofxOsc/src</string>
					</array>
					<key>CONFIGURATION_BUILD_DIR</key>
					<string>$(SRCROOT)/bin/</string>
					<key>COPY_PHASE_STRIP</key>
					<string>YES</string>
					<key>DEAD_CODE_STRIPPING</key>
					<string>YES</string>
					<key>GCC_AUTO_VECTORIZATION</key>
					<string>YES</string>
					<key>GCC_ENABLE_SSE3_EXTENSIONS</key>
					<string>YES</string>
					<key>GCC_ENABLE_SUPPLEMENTAL_SSE3_INSTRUCTIONS</key>
					<string>YES</string>
					<key>GCC_INLINES_ARE_PRIVATE_EXTERN</key>
					<string>NO</string>
					<key>GCC_OPTIMIZATION_LEVEL</key>
					<string>3</string>
					<key>GCC_SYMBOLS_PRIVATE_EXTERN</key>
					<string>NO</string>
					<key>GCC_UNROLL_LOOPS</key>
					<string>YES</string>
					<key>GCC_WARN_ABOUT_DEPRECATED_FUNCTIONS</key>
					<string>YES</string>
					<key>GCC_WARN_ABOUT_INVALID_OFFSETOF_MACRO</key>
					<string>NO</string>
					<key>GCC_WARN_ALLOW_INCOMPLETE_PROTOCOL</key>
					<string>NO</string>
					<key>GCC_WARN_UNINITIALIZED_AUTOS</key>
					<string>NO</string>
					<key>GCC_WARN_UNUSED_VALUE</key>
					<string>NO</string>
					<key>GCC_WARN_UNUSED_VARIABLE</key>
					<string>NO</string>
					<key>MACOSX_DEPLOYMENT_TARGET</key>
					<string>10.9</string>
					<key>OTHER_CPLUSPLUSFLAGS</key>
					<array>
						<string>-D__MACOSX_CORE__</string>
						<string>-mtune=native</string>
					</array>
					<key>SDKROOT</key>
					<string>macosx</string>
				</dict>
				<key>isa</key>
				<string>XCBuildConfiguration</string>
				<key>name</key>
				<string>Release</string>
			</dict>
			<key>E4B69B580A3A1756003C02F2</key>
			<dict>
				<key>buildActionMask</key>
				<string>2147483647</string>
				<key>files</key>
				<array>
					<string>E4B69E200A3A1BDC003C02F2</string>
					<string>E4B69E210A3A1BDC003C02F2</string>
					<string>C6778B6C30AC12342F043197</string>
					<string>72A72A36C4C8A790E8248282</string>
					<string>F7E6B1A5D30C281E787AA1EC</string>
					<string>2FB9657F785CBF99A1F3E8DB</string>
					<string>812FE735B0DD2423B3C53CE5</string>
					<string>4229573E67B790B93F3F46FA</string>
					<string>24120C906B40EC9A0A82427B</string>
					<string>815BF1AE129D2C5ED47D4C59</string>
					<string>C1DC9A6EF921EFD19521CA65</string>
					<string>98248E59F5AFBD1D0D4F3902</string>
					<string>8E8E89E47A5AB45FD182BDF7</string>
					<string>C1E9B99D7EC9237830176ED3</string>
					<string>E23A43B2AD28372ACAA8BC14</string>
					<string>C57D88DC73033440575262D2</string>
					<string>355FBC44AD8A44D8841266FA</string>
					<string>8565007264EF59A783468B62</string>
					<string>BA97EABDE5DD0FDA6BF6493F</string>
					<string>A487C0F4BBC0459E9216C62C</string>
					<string>0A5A5FD9C9719E40C65CE193</string>
					<string>6CF17467CC612CFAF8025707</string>
					<string>76CA0FB86E482FC4CABB8187</string>
					<string>0932C3A89754006342A2701A</string>
				</array>
				<key>isa</key>
				<string>PBXSourcesBuildPhase</string>
				<key>runOnlyForDeploymentPostprocessing</key>
				<string>0</string>
			</dict>
			<key>E4B69B590A3A1756003C02F2</key>
			<dict>
				<key>buildActionMask</key>
				<string>2147483647</string>
				<key>files</key>
				<array>
					<string>E4328149138ABC9F0047C5CB</string>
				</array>
				<key>isa</key>
				<string>PBXFrameworksBuildPhase</string>
				<key>runOnlyForDeploymentPostprocessing</key>
				<string>0</string>
			</dict>
			<key>E4B69B5A0A3A1756003C02F2</key>
			<dict>
				<key>buildConfigurationList</key>
				<string>E4B69B5F0A3A1757003C02F2</string>
				<key>buildPhases</key>
				<array>
					<string>E4B69B580A3A1756003C02F2</string>
					<string>E4B69B590A3A1756003C02F2</string>
					<string>E4B6FFFD0C3F9AB9008CF71C</string>
					<string>E4C2427710CC5ABF004149E2</string>
					<string>8466F1851C04CA0E00918B1C</string>
				</array>
				<key>buildRules</key>
				<array />
				<key>dependencies</key>
				<array>
					<string>E4EEB9AC138B136A00A80321</string>
				</array>
				<key>isa</key>
				<string>PBXNativeTarget</string>
				<key>name</key>
				<string>synthese-audio</string>
				<key>productName</key>
				<string>myOFApp</string>
				<key>productReference</key>
				<string>E4B69B5B0A3A1756003C02F2</string>
				<key>productType</key>
				<string>com.apple.product-type.application</string>
			</dict>
			<key>E4B69B5B0A3A1756003C02F2</key>
			<dict>
				<key>explicitFileType</key>
				<string>wrapper.application</string>
				<key>includeInIndex</key>
				<string>0</string>
				<key>isa</key>
				<string>PBXFileReference</string>
				<key>path</key>
				<string>synthese-audioDebug.app</string>
				<key>sourceTree</key>
				<string>BUILT_PRODUCTS_DIR</string>
			</dict>
			<key>E4B69B5F0A3A1757003C02F2</key>
			<dict>
				<key>buildConfigurations</key>
				<array>
					<string>E4B69B600A3A1757003C02F2</string>
					<string>E4B69B610A3A1757003C02F2</string>
					<string>99FA3DBC1C7456C400CFA0EE</string>
				</array>
				<key>defaultConfigurationIsVisible</key>
				<string>0</string>
				<key>defaultConfigurationName</key>
				<string>Release</string>
				<key>isa</key>
				<string>XCConfigurationList</string>
			</dict>
			<key>E4B69B600A3A1757003C02F2</key>
			<dict>
				<key>baseConfigurationReference</key>
				<string>E4EB6923138AFD0F00A09F29</string>
				<key>buildSettings</key>
				<dict>
					<key>HEADER_SEARCH_PATHS</key>
					<array>
						<string>$(OF_CORE_HEADERS)</string>
						<string>../../../../../Documents/_gllm/of_git/of_v20170714_osx_release/addons/ofxGui/src</string>
						<string>../../../../../Documents/_gllm/of_git/of_v20170714_osx_release/addons/ofxOsc/libs</string>
						<string>../../../../../Documents/_gllm/of_git/of_v20170714_osx_release/addons/ofxOsc/libs/oscpack</string>
						<string>../../../../../Documents/_gllm/of_git/of_v20170714_osx_release/addons/ofxOsc/libs/oscpack/src</string>
						<string>../../../../../Documents/_gllm/of_git/of_v20170714_osx_release/addons/ofxOsc/libs/oscpack/src/ip</string>
						<string>../../../../../Documents/_gllm/of_git/of_v20170714_osx_release/addons/ofxOsc/libs/oscpack/src/ip/posix</string>
						<string>../../../../../Documents/_gllm/of_git/of_v20170714_osx_release/addons/ofxOsc/libs/oscpack/src/ip/win32</string>
						<string>../../../../../Documents/_gllm/of_git/of_v20170714_osx_release/addons/ofxOsc/libs/oscpack/src/osc</string>
						<string>../../../../../Documents/_gllm/of_git/of_v20170714_osx_release/addons/ofxOsc/src</string>
					</array>
					<key>COMBINE_HIDPI_IMAGES</key>
					<string>YES</string>
					<key>COPY_PHASE_STRIP</key>
					<string>NO</string>
					<key>FRAMEWORK_SEARCH_PATHS</key>
					<string>$(inherited)</string>
					<key>GCC_DYNAMIC_NO_PIC</key>
					<string>NO</string>
					<key>GCC_GENERATE_DEBUGGING_SYMBOLS</key>
					<string>YES</string>
					<key>GCC_MODEL_TUNING</key>
					<string>NONE</string>
					<key>ICON</key>
					<string>$(ICON_NAME_DEBUG)</string>
					<key>ICON_FILE</key>
					<string>$(ICON_FILE_PATH)$(ICON)</string>
					<key>INFOPLIST_FILE</key>
					<string>openFrameworks-Info.plist</string>
					<key>INSTALL_PATH</key>
					<string>/Applications</string>
					<key>LIBRARY_SEARCH_PATHS</key>
					<string>$(inherited)</string>
					<key>PRODUCT_NAME</key>
					<string>$(TARGET_NAME)Debug</string>
					<key>WRAPPER_EXTENSION</key>
					<string>app</string>
				</dict>
				<key>isa</key>
				<string>XCBuildConfiguration</string>
				<key>name</key>
				<string>Debug</string>
			</dict>
			<key>E4B69B610A3A1757003C02F2</key>
			<dict>
				<key>baseConfigurationReference</key>
				<string>E4EB6923138AFD0F00A09F29</string>
				<key>buildSettings</key>
				<dict>
					<key>HEADER_SEARCH_PATHS</key>
					<array>
						<string>$(OF_CORE_HEADERS)</string>
						<string>../../../../../Documents/_gllm/of_git/of_v20170714_osx_release/addons/ofxGui/src</string>
						<string>../../../../../Documents/_gllm/of_git/of_v20170714_osx_release/addons/ofxOsc/libs</string>
						<string>../../../../../Documents/_gllm/of_git/of_v20170714_osx_release/addons/ofxOsc/libs/oscpack</string>
						<string>../../../../../Documents/_gllm/of_git/of_v20170714_osx_release/addons/ofxOsc/libs/oscpack/src</string>
						<string>../../../../../Documents/_gllm/of_git/of_v20170714_osx_release/addons/ofxOsc/libs/oscpack/src/ip</string>
						<string>../../../../../Documents/_gllm/of_git/of_v20170714_osx_release/addons/ofxOsc/libs/oscpack/src/ip/posix</string>
						<string>../../../../../Documents/_gllm/of_git/of_v20170714_osx_release/addons/ofxOsc/libs/oscpack/src/ip/win32</string>
						<string>../../../../../Documents/_gllm/of_git/of_v20170714_osx_release/addons/ofxOsc/libs/oscpack/src/osc</string>
						<string>../../../../../Documents/_gllm/of_git/of_v20170714_osx_release/addons/ofxOsc/src</string>
					</array>
					<key>COMBINE_HIDPI_IMAGES</key>
					<string>YES</string>
					<key>COPY_PHASE_STRIP</key>
					<string>YES</string>
					<key>FRAMEWORK_SEARCH_PATHS</key>
					<string>$(inherited)</string>
					<key>GCC_GENERATE_DEBUGGING_SYMBOLS</key>
					<string>YES</string>
					<key>GCC_MODEL_TUNING</key>
					<string>NONE</string>
					<key>ICON</key>
					<string>$(ICON_NAME_RELEASE)</string>
					<key>ICON_FILE</key>
					<string>$(ICON_FILE_PATH)$(ICON)</string>
					<key>INFOPLIST_FILE</key>
					<string>openFrameworks-Info.plist</string>
					<key>INSTALL_PATH</key>
					<string>/Applications</string>
					<key>LIBRARY_SEARCH_PATHS</key>
					<string>$(inherited)</string>
					<key>PRODUCT_NAME</key>
					<string>$(TARGET_NAME)</string>
					<key>WRAPPER_EXTENSION</key>
					<string>app</string>
					<key>baseConfigurationReference</key>
					<string>E4EB6923138AFD0F00A09F29</string>
				</dict>
				<key>isa</key>
				<string>XCBuildConfiguration</string>
				<key>name</key>
				<string>Release</string>
			</dict>
			<key>E4B69E1C0A3A1BDC003C02F2</key>
			<dict>
				<key>children</key>
				<array>
					<string>E4B69E1D0A3A1BDC003C02F2</string>
					<string>E4B69E1E0A3A1BDC003C02F2</string>
					<string>E4B69E1F0A3A1BDC003C02F2</string>
				</array>
				<key>isa</key>
				<string>PBXGroup</string>
				<key>path</key>
				<string>src</string>
				<key>sourceTree</key>
				<string>SOURCE_ROOT</string>
			</dict>
			<key>E4B69E1D0A3A1BDC003C02F2</key>
			<dict>
				<key>fileEncoding</key>
				<string>4</string>
				<key>isa</key>
				<string>PBXFileReference</string>
				<key>lastKnownFileType</key>
				<string>sourcecode.cpp.cpp</string>
				<key>name</key>
				<string>main.cpp</string>
				<key>path</key>
				<string>src/main.cpp</string>
				<key>sourceTree</key>
				<string>SOURCE_ROOT</string>
			</dict>
			<key>E4B69E1E0A3A1BDC003C02F2</key>
			<dict>
				<key>explicitFileType</key>
				<string>sourcecode.cpp.cpp</string>
				<key>fileEncoding</key>
				<string>4</string>
				<key>isa</key>
				<string>PBXFileReference</string>
				<key>name</key>
				<string>ofApp.cpp</string>
				<key>path</key>
				<string>src/ofApp.cpp</string>
				<key>sourceTree</key>
				<string>SOURCE_ROOT</string>
			</dict>
			<key>E4B69E1F0A3A1BDC003C02F2</key>
			<dict>
				<key>fileEncoding</key>
				<string>4</string>
				<key>isa</key>
				<string>PBXFileReference</string>
				<key>lastKnownFileType</key>
				<string>sourcecode.c.h</string>
				<key>name</key>
				<string>ofApp.h</string>
				<key>path</key>
				<string>src/ofApp.h</string>
				<key>sourceTree</key>
				<string>SOURCE_ROOT</string>
			</dict>
			<key>E4B69E200A3A1BDC003C02F2</key>
			<dict>
				<key>fileRef</key>
				<string>E4B69E1D0A3A1BDC003C02F2</string>
				<key>isa</key>
				<string>PBXBuildFile</string>
			</dict>
			<key>E4B69E210A3A1BDC003C02F2</key>
			<dict>
				<key>fileRef</key>
				<string>E4B69E1E0A3A1BDC003C02F2</string>
				<key>isa</key>
				<string>PBXBuildFile</string>
			</dict>
			<key>E4B6FCAD0C3E899E008CF71C</key>
			<dict>
				<key>fileEncoding</key>
				<string>4</string>
				<key>isa</key>
				<string>PBXFileReference</string>
				<key>lastKnownFileType</key>
				<string>text.plist.xml</string>
				<key>path</key>
				<string>openFrameworks-Info.plist</string>
				<key>sourceTree</key>
				<string>&lt;group&gt;</string>
			</dict>
			<key>E4B6FFFD0C3F9AB9008CF71C</key>
			<dict>
				<key>buildActionMask</key>
				<string>2147483647</string>
				<key>files</key>
				<array />
				<key>inputPaths</key>
				<array />
				<key>isa</key>
				<string>PBXShellScriptBuildPhase</string>
				<key>outputPaths</key>
				<array />
				<key>runOnlyForDeploymentPostprocessing</key>
				<string>0</string>
				<key>shellPath</key>
				<string>/bin/sh</string>
				<key>shellScript</key>
				<string>mkdir -p "$TARGET_BUILD_DIR/$PRODUCT_NAME.app/Contents/Resources/"
# Copy default icon file into App/Resources
rsync -aved "$ICON_FILE" "$TARGET_BUILD_DIR/$PRODUCT_NAME.app/Contents/Resources/"
# Copy libfmod and change install directory for fmod to run
rsync -aved "$OF_PATH/libs/fmodex/lib/osx/libfmodex.dylib" "$TARGET_BUILD_DIR/$PRODUCT_NAME.app/Contents/Frameworks/";
install_name_tool -change @executable_path/libfmodex.dylib @executable_path/../Frameworks/libfmodex.dylib "$TARGET_BUILD_DIR/$PRODUCT_NAME.app/Contents/MacOS/$PRODUCT_NAME";

echo "$GCC_PREPROCESSOR_DEFINITIONS";
</string>
			</dict>
			<key>E4C2427710CC5ABF004149E2</key>
			<dict>
				<key>buildActionMask</key>
				<string>2147483647</string>
				<key>dstPath</key>
				<string />
				<key>dstSubfolderSpec</key>
				<string>10</string>
				<key>files</key>
				<array />
				<key>isa</key>
				<string>PBXCopyFilesBuildPhase</string>
				<key>runOnlyForDeploymentPostprocessing</key>
				<string>0</string>
			</dict>
			<key>E4EB691F138AFCF100A09F29</key>
			<dict>
				<key>fileEncoding</key>
				<string>4</string>
				<key>isa</key>
				<string>PBXFileReference</string>
				<key>lastKnownFileType</key>
				<string>text.xcconfig</string>
				<key>name</key>
				<string>CoreOF.xcconfig</string>
				<key>path</key>
				<string>../../../../../Documents/_gllm/of_git/of_v20170714_osx_release/libs/openFrameworksCompiled/project/osx/CoreOF.xcconfig</string>
				<key>sourceTree</key>
				<string>SOURCE_ROOT</string>
			</dict>
			<key>E4EB6923138AFD0F00A09F29</key>
			<dict>
				<key>fileEncoding</key>
				<string>4</string>
				<key>isa</key>
				<string>PBXFileReference</string>
				<key>lastKnownFileType</key>
				<string>text.xcconfig</string>
				<key>path</key>
				<string>Project.xcconfig</string>
				<key>sourceTree</key>
				<string>&lt;group&gt;</string>
			</dict>
			<key>E4EEB9AB138B136A00A80321</key>
			<dict>
				<key>containerPortal</key>
				<string>E4328143138ABC890047C5CB</string>
				<key>isa</key>
				<string>PBXContainerItemProxy</string>
				<key>proxyType</key>
				<string>1</string>
				<key>remoteGlobalIDString</key>
				<string>E4B27C1410CBEB8E00536013</string>
				<key>remoteInfo</key>
				<string>openFrameworks</string>
			</dict>
			<key>E4EEB9AC138B136A00A80321</key>
			<dict>
				<key>isa</key>
				<string>PBXTargetDependency</string>
				<key>name</key>
				<string>openFrameworks</string>
				<key>targetProxy</key>
				<string>E4EEB9AB138B136A00A80321</string>
			</dict>
			<key>E4EEC9E9138DF44700A80321</key>
			<dict>
				<key>children</key>
				<array>
					<string>E4EB691F138AFCF100A09F29</string>
					<string>E4328143138ABC890047C5CB</string>
				</array>
				<key>isa</key>
				<string>PBXGroup</string>
				<key>name</key>
				<string>openFrameworks</string>
				<key>sourceTree</key>
				<string>&lt;group&gt;</string>
			</dict>
		</dict>
		<key>rootObject</key>
		<string>E4B69B4C0A3A1720003C02F2</string>
	</dict>
</plist>
