// !$*UTF8*$!
{
	archiveVersion = 1;
	classes = {
	};
	objectVersion = 46;
	objects = {

/* Begin PBXBuildFile section */
		00F1664638C1A8E9697867B4 /* ofxColorPicker.cpp in Sources */ = {isa = PBXBuildFile; fileRef = 0B0C788496751D6535BF744C /* ofxColorPicker.cpp */; };
		0B0045F54A28BF38988C57DD /* OscTypes.cpp in Sources */ = {isa = PBXBuildFile; fileRef = DBB4C2BD0A70841656BEA159 /* OscTypes.cpp */; };
		13982E869E498D5176632249 /* ofxOscMessage.cpp in Sources */ = {isa = PBXBuildFile; fileRef = 247EC1DD7F4562407EC8CF3D /* ofxOscMessage.cpp */; };
		478517EFCD8092DD4F256EC6 /* ofxSliderGroup.cpp in Sources */ = {isa = PBXBuildFile; fileRef = E7ADB3A76973E53A0E5DF2CF /* ofxSliderGroup.cpp */; };
		48B9B7F1CD7E7E23298ECF2C /* ofxGuiGroup.cpp in Sources */ = {isa = PBXBuildFile; fileRef = B8A75AB61952246F46CCA63A /* ofxGuiGroup.cpp */; };
		4D9AA0581F094A3300B00775 /* murmure.cpp in Sources */ = {isa = PBXBuildFile; fileRef = 4D9AA0561F094A3300B00775 /* murmure.cpp */; };
		5853BDA09B53027D2360CC7B /* ofxOscSender.cpp in Sources */ = {isa = PBXBuildFile; fileRef = 602AF51D9FE1C2C407561985 /* ofxOscSender.cpp */; };
		60516165B626426897228F97 /* ofxBaseGui.cpp in Sources */ = {isa = PBXBuildFile; fileRef = A11F410C7D7EEE4BD6EDD189 /* ofxBaseGui.cpp */; };
		629930AC341B9BED8BE95491 /* ofxToggle.cpp in Sources */ = {isa = PBXBuildFile; fileRef = D121FF8C219A4B1B37970C51 /* ofxToggle.cpp */; };
		722F56695C9AEC8BC6F67AF0 /* ofxOscReceiver.cpp in Sources */ = {isa = PBXBuildFile; fileRef = 0DDAD8B045B144649196FDF4 /* ofxOscReceiver.cpp */; };
		835874FD70E255C9FE30ED31 /* ofxLabel.cpp in Sources */ = {isa = PBXBuildFile; fileRef = 27FAB428FB8A7913903717C1 /* ofxLabel.cpp */; };
		97CD74E13264804639C9292D /* ofxOscBundle.cpp in Sources */ = {isa = PBXBuildFile; fileRef = C9DDEBF2A4C7BD1DBE83E444 /* ofxOscBundle.cpp */; };
		9D65C39762554A40F386D34A /* ofxPanel.cpp in Sources */ = {isa = PBXBuildFile; fileRef = 3A8B18E3A457B3AA4BB30136 /* ofxPanel.cpp */; };
		A49A24AEE5855BD3C90A83F0 /* NetworkingUtils.cpp in Sources */ = {isa = PBXBuildFile; fileRef = F5719243285CBF6628648458 /* NetworkingUtils.cpp */; };
		B8E9B4F358537DB806DCCDC4 /* ofxInputField.cpp in Sources */ = {isa = PBXBuildFile; fileRef = 10E62BD0E30E5BE90CBE9869 /* ofxInputField.cpp */; };
		BAF2033B7C3468071B70C12E /* ofxSlider.cpp in Sources */ = {isa = PBXBuildFile; fileRef = C686DDA60203020519F008D1 /* ofxSlider.cpp */; };
		D31ABE8307C9A1C55FC869F1 /* ofxButton.cpp in Sources */ = {isa = PBXBuildFile; fileRef = 4DBDD69976FE4BA8F61F2B9A /* ofxButton.cpp */; };
		D769DD49EF5D0EEBE1B918F0 /* OscOutboundPacketStream.cpp in Sources */ = {isa = PBXBuildFile; fileRef = 862898C7D1FABF168B69A0AB /* OscOutboundPacketStream.cpp */; };
		DB570F1D629206800166F12C /* ofxOscParameterSync.cpp in Sources */ = {isa = PBXBuildFile; fileRef = 1FB82B177B63A632AB58EE21 /* ofxOscParameterSync.cpp */; };
		E25DF81ED71EAB5852FEF96A /* OscPrintReceivedElements.cpp in Sources */ = {isa = PBXBuildFile; fileRef = 6C406C8481E279A5AAA1AFF7 /* OscPrintReceivedElements.cpp */; };
		E2A461FC553450200533B4D8 /* OscReceivedElements.cpp in Sources */ = {isa = PBXBuildFile; fileRef = 1108AAF5F5AFB057D7335B85 /* OscReceivedElements.cpp */; };
		E4328149138ABC9F0047C5CB /* openFrameworksDebug.a in Frameworks */ = {isa = PBXBuildFile; fileRef = E4328148138ABC890047C5CB /* openFrameworksDebug.a */; };
		E4B69E200A3A1BDC003C02F2 /* main.cpp in Sources */ = {isa = PBXBuildFile; fileRef = E4B69E1D0A3A1BDC003C02F2 /* main.cpp */; };
		E4B69E210A3A1BDC003C02F2 /* ofApp.cpp in Sources */ = {isa = PBXBuildFile; fileRef = E4B69E1E0A3A1BDC003C02F2 /* ofApp.cpp */; };
		EB943F63593F4171446157EF /* IpEndpointName.cpp in Sources */ = {isa = PBXBuildFile; fileRef = 8B611A990E9F350F61AA3E94 /* IpEndpointName.cpp */; };
		EE72BC9CB301CC8C6B108F22 /* UdpSocket.cpp in Sources */ = {isa = PBXBuildFile; fileRef = 55DA602D4D67D4E61F25FF7D /* UdpSocket.cpp */; };
/* End PBXBuildFile section */

/* Begin PBXContainerItemProxy section */
		E4328147138ABC890047C5CB /* PBXContainerItemProxy */ = {
			isa = PBXContainerItemProxy;
			containerPortal = E4328143138ABC890047C5CB /* openFrameworksLib.xcodeproj */;
			proxyType = 2;
			remoteGlobalIDString = E4B27C1510CBEB8E00536013;
			remoteInfo = openFrameworks;
		};
		E4EEB9AB138B136A00A80321 /* PBXContainerItemProxy */ = {
			isa = PBXContainerItemProxy;
			containerPortal = E4328143138ABC890047C5CB /* openFrameworksLib.xcodeproj */;
			proxyType = 1;
			remoteGlobalIDString = E4B27C1410CBEB8E00536013;
			remoteInfo = openFrameworks;
		};
/* End PBXContainerItemProxy section */

/* Begin PBXCopyFilesBuildPhase section */
		E4C2427710CC5ABF004149E2 /* CopyFiles */ = {
			isa = PBXCopyFilesBuildPhase;
			buildActionMask = 2147483647;
			dstPath = "";
			dstSubfolderSpec = 10;
			files = (
			);
			runOnlyForDeploymentPostprocessing = 0;
		};
/* End PBXCopyFilesBuildPhase section */

/* Begin PBXFileReference section */
		0B0C788496751D6535BF744C /* ofxColorPicker.cpp */ = {isa = PBXFileReference; explicitFileType = sourcecode.cpp.cpp; fileEncoding = 30; name = ofxColorPicker.cpp; path = ../../../../../Documents/_gllm/of_git/of_v20170517_osx_release/addons/ofxGui/src/ofxColorPicker.cpp; sourceTree = SOURCE_ROOT; };
		0DDAD8B045B144649196FDF4 /* ofxOscReceiver.cpp */ = {isa = PBXFileReference; explicitFileType = sourcecode.cpp.cpp; fileEncoding = 30; name = ofxOscReceiver.cpp; path = ../../../../../Documents/_gllm/of_git/of_v20170517_osx_release/addons/ofxOsc/src/ofxOscReceiver.cpp; sourceTree = SOURCE_ROOT; };
		10E62BD0E30E5BE90CBE9869 /* ofxInputField.cpp */ = {isa = PBXFileReference; explicitFileType = sourcecode.cpp.cpp; fileEncoding = 30; name = ofxInputField.cpp; path = ../../../../../Documents/_gllm/of_git/of_v20170517_osx_release/addons/ofxGui/src/ofxInputField.cpp; sourceTree = SOURCE_ROOT; };
		1108AAF5F5AFB057D7335B85 /* OscReceivedElements.cpp */ = {isa = PBXFileReference; explicitFileType = sourcecode.cpp.cpp; fileEncoding = 30; name = OscReceivedElements.cpp; path = ../../../../../Documents/_gllm/of_git/of_v20170517_osx_release/addons/ofxOsc/libs/oscpack/src/osc/OscReceivedElements.cpp; sourceTree = SOURCE_ROOT; };
		117CA04B3D5C217922405628 /* ofxSliderGroup.h */ = {isa = PBXFileReference; explicitFileType = sourcecode.c.h; fileEncoding = 30; name = ofxSliderGroup.h; path = ../../../../../Documents/_gllm/of_git/of_v20170517_osx_release/addons/ofxGui/src/ofxSliderGroup.h; sourceTree = SOURCE_ROOT; };
		12171E55B109C95154E5DA88 /* ofxOscBundle.h */ = {isa = PBXFileReference; explicitFileType = sourcecode.c.h; fileEncoding = 30; name = ofxOscBundle.h; path = ../../../../../Documents/_gllm/of_git/of_v20170517_osx_release/addons/ofxOsc/src/ofxOscBundle.h; sourceTree = SOURCE_ROOT; };
		139913E952F46C13F9DC7C71 /* ofxOscMessage.h */ = {isa = PBXFileReference; explicitFileType = sourcecode.c.h; fileEncoding = 30; name = ofxOscMessage.h; path = ../../../../../Documents/_gllm/of_git/of_v20170517_osx_release/addons/ofxOsc/src/ofxOscMessage.h; sourceTree = SOURCE_ROOT; };
		17CD9699A593F2355ACA18DD /* ofxPanel.h */ = {isa = PBXFileReference; explicitFileType = sourcecode.c.h; fileEncoding = 30; name = ofxPanel.h; path = ../../../../../Documents/_gllm/of_git/of_v20170517_osx_release/addons/ofxGui/src/ofxPanel.h; sourceTree = SOURCE_ROOT; };
		199F24D781879C1B8C9D19DC /* OscPrintReceivedElements.h */ = {isa = PBXFileReference; explicitFileType = sourcecode.c.h; fileEncoding = 30; name = OscPrintReceivedElements.h; path = ../../../../../Documents/_gllm/of_git/of_v20170517_osx_release/addons/ofxOsc/libs/oscpack/src/osc/OscPrintReceivedElements.h; sourceTree = SOURCE_ROOT; };
		1BCE8CD75B3B57EC9BB9F1E7 /* ofxSlider.h */ = {isa = PBXFileReference; explicitFileType = sourcecode.c.h; fileEncoding = 30; name = ofxSlider.h; path = ../../../../../Documents/_gllm/of_git/of_v20170517_osx_release/addons/ofxGui/src/ofxSlider.h; sourceTree = SOURCE_ROOT; };
		1EC93CC27BA85D66550B4A4D /* NetworkingUtils.h */ = {isa = PBXFileReference; explicitFileType = sourcecode.c.h; fileEncoding = 30; name = NetworkingUtils.h; path = ../../../../../Documents/_gllm/of_git/of_v20170517_osx_release/addons/ofxOsc/libs/oscpack/src/ip/NetworkingUtils.h; sourceTree = SOURCE_ROOT; };
		1FB82B177B63A632AB58EE21 /* ofxOscParameterSync.cpp */ = {isa = PBXFileReference; explicitFileType = sourcecode.cpp.cpp; fileEncoding = 30; name = ofxOscParameterSync.cpp; path = ../../../../../Documents/_gllm/of_git/of_v20170517_osx_release/addons/ofxOsc/src/ofxOscParameterSync.cpp; sourceTree = SOURCE_ROOT; };
		247EC1DD7F4562407EC8CF3D /* ofxOscMessage.cpp */ = {isa = PBXFileReference; explicitFileType = sourcecode.cpp.cpp; fileEncoding = 30; name = ofxOscMessage.cpp; path = ../../../../../Documents/_gllm/of_git/of_v20170517_osx_release/addons/ofxOsc/src/ofxOscMessage.cpp; sourceTree = SOURCE_ROOT; };
		27FAB428FB8A7913903717C1 /* ofxLabel.cpp */ = {isa = PBXFileReference; explicitFileType = sourcecode.cpp.cpp; fileEncoding = 30; name = ofxLabel.cpp; path = ../../../../../Documents/_gllm/of_git/of_v20170517_osx_release/addons/ofxGui/src/ofxLabel.cpp; sourceTree = SOURCE_ROOT; };
		309F267BCBD33A7E856DE91F /* OscPacketListener.h */ = {isa = PBXFileReference; explicitFileType = sourcecode.c.h; fileEncoding = 30; name = OscPacketListener.h; path = ../../../../../Documents/_gllm/of_git/of_v20170517_osx_release/addons/ofxOsc/libs/oscpack/src/osc/OscPacketListener.h; sourceTree = SOURCE_ROOT; };
		31EFCBFBE88747A45E0CB9CB /* TimerListener.h */ = {isa = PBXFileReference; explicitFileType = sourcecode.c.h; fileEncoding = 30; name = TimerListener.h; path = ../../../../../Documents/_gllm/of_git/of_v20170517_osx_release/addons/ofxOsc/libs/oscpack/src/ip/TimerListener.h; sourceTree = SOURCE_ROOT; };
		3A8B18E3A457B3AA4BB30136 /* ofxPanel.cpp */ = {isa = PBXFileReference; explicitFileType = sourcecode.cpp.cpp; fileEncoding = 30; name = ofxPanel.cpp; path = ../../../../../Documents/_gllm/of_git/of_v20170517_osx_release/addons/ofxGui/src/ofxPanel.cpp; sourceTree = SOURCE_ROOT; };
		43F30A47ED7A7100E2202BC0 /* ofxInputField.h */ = {isa = PBXFileReference; explicitFileType = sourcecode.c.h; fileEncoding = 30; name = ofxInputField.h; path = ../../../../../Documents/_gllm/of_git/of_v20170517_osx_release/addons/ofxGui/src/ofxInputField.h; sourceTree = SOURCE_ROOT; };
		4561CA2C7A8C5D4987FDAEE7 /* ofxGui.h */ = {isa = PBXFileReference; explicitFileType = sourcecode.c.h; fileEncoding = 30; name = ofxGui.h; path = ../../../../../Documents/_gllm/of_git/of_v20170517_osx_release/addons/ofxGui/src/ofxGui.h; sourceTree = SOURCE_ROOT; };
		4D9AA0561F094A3300B00775 /* murmure.cpp */ = {isa = PBXFileReference; fileEncoding = 4; lastKnownFileType = sourcecode.cpp.cpp; path = murmure.cpp; sourceTree = "<group>"; };
		4D9AA0571F094A3300B00775 /* murmure.hpp */ = {isa = PBXFileReference; fileEncoding = 4; lastKnownFileType = sourcecode.cpp.h; path = murmure.hpp; sourceTree = "<group>"; };
		4DBDD69976FE4BA8F61F2B9A /* ofxButton.cpp */ = {isa = PBXFileReference; explicitFileType = sourcecode.cpp.cpp; fileEncoding = 30; name = ofxButton.cpp; path = ../../../../../Documents/_gllm/of_git/of_v20170517_osx_release/addons/ofxGui/src/ofxButton.cpp; sourceTree = SOURCE_ROOT; };
		5145F09BE0CA32D700B85E11 /* IpEndpointName.h */ = {isa = PBXFileReference; explicitFileType = sourcecode.c.h; fileEncoding = 30; name = IpEndpointName.h; path = ../../../../../Documents/_gllm/of_git/of_v20170517_osx_release/addons/ofxOsc/libs/oscpack/src/ip/IpEndpointName.h; sourceTree = SOURCE_ROOT; };
		55DA602D4D67D4E61F25FF7D /* UdpSocket.cpp */ = {isa = PBXFileReference; explicitFileType = sourcecode.cpp.cpp; fileEncoding = 30; name = UdpSocket.cpp; path = ../../../../../Documents/_gllm/of_git/of_v20170517_osx_release/addons/ofxOsc/libs/oscpack/src/ip/posix/UdpSocket.cpp; sourceTree = SOURCE_ROOT; };
		5F9B9591BF80A3C69F489A3D /* UdpSocket.h */ = {isa = PBXFileReference; explicitFileType = sourcecode.c.h; fileEncoding = 30; name = UdpSocket.h; path = ../../../../../Documents/_gllm/of_git/of_v20170517_osx_release/addons/ofxOsc/libs/oscpack/src/ip/UdpSocket.h; sourceTree = SOURCE_ROOT; };
		602AF51D9FE1C2C407561985 /* ofxOscSender.cpp */ = {isa = PBXFileReference; explicitFileType = sourcecode.cpp.cpp; fileEncoding = 30; name = ofxOscSender.cpp; path = ../../../../../Documents/_gllm/of_git/of_v20170517_osx_release/addons/ofxOsc/src/ofxOscSender.cpp; sourceTree = SOURCE_ROOT; };
		63D1E21EBB7218485660857E /* ofxBaseGui.h */ = {isa = PBXFileReference; explicitFileType = sourcecode.c.h; fileEncoding = 30; name = ofxBaseGui.h; path = ../../../../../Documents/_gllm/of_git/of_v20170517_osx_release/addons/ofxGui/src/ofxBaseGui.h; sourceTree = SOURCE_ROOT; };
		6C406C8481E279A5AAA1AFF7 /* OscPrintReceivedElements.cpp */ = {isa = PBXFileReference; explicitFileType = sourcecode.cpp.cpp; fileEncoding = 30; name = OscPrintReceivedElements.cpp; path = ../../../../../Documents/_gllm/of_git/of_v20170517_osx_release/addons/ofxOsc/libs/oscpack/src/osc/OscPrintReceivedElements.cpp; sourceTree = SOURCE_ROOT; };
		72B5DA9BB0CAF2CA948B2C10 /* ofxButton.h */ = {isa = PBXFileReference; explicitFileType = sourcecode.c.h; fileEncoding = 30; name = ofxButton.h; path = ../../../../../Documents/_gllm/of_git/of_v20170517_osx_release/addons/ofxGui/src/ofxButton.h; sourceTree = SOURCE_ROOT; };
		7651D61DD9CBD5662E81BC75 /* OscException.h */ = {isa = PBXFileReference; explicitFileType = sourcecode.c.h; fileEncoding = 30; name = OscException.h; path = ../../../../../Documents/_gllm/of_git/of_v20170517_osx_release/addons/ofxOsc/libs/oscpack/src/osc/OscException.h; sourceTree = SOURCE_ROOT; };
		84B8E3019B78521591D5EE9B /* ofxOscReceiver.h */ = {isa = PBXFileReference; explicitFileType = sourcecode.c.h; fileEncoding = 30; name = ofxOscReceiver.h; path = ../../../../../Documents/_gllm/of_git/of_v20170517_osx_release/addons/ofxOsc/src/ofxOscReceiver.h; sourceTree = SOURCE_ROOT; };
		862898C7D1FABF168B69A0AB /* OscOutboundPacketStream.cpp */ = {isa = PBXFileReference; explicitFileType = sourcecode.cpp.cpp; fileEncoding = 30; name = OscOutboundPacketStream.cpp; path = ../../../../../Documents/_gllm/of_git/of_v20170517_osx_release/addons/ofxOsc/libs/oscpack/src/osc/OscOutboundPacketStream.cpp; sourceTree = SOURCE_ROOT; };
		8B611A990E9F350F61AA3E94 /* IpEndpointName.cpp */ = {isa = PBXFileReference; explicitFileType = sourcecode.cpp.cpp; fileEncoding = 30; name = IpEndpointName.cpp; path = ../../../../../Documents/_gllm/of_git/of_v20170517_osx_release/addons/ofxOsc/libs/oscpack/src/ip/IpEndpointName.cpp; sourceTree = SOURCE_ROOT; };
		8F46ED0C51C3D6F84D8F7650 /* ofxOscParameterSync.h */ = {isa = PBXFileReference; explicitFileType = sourcecode.c.h; fileEncoding = 30; name = ofxOscParameterSync.h; path = ../../../../../Documents/_gllm/of_git/of_v20170517_osx_release/addons/ofxOsc/src/ofxOscParameterSync.h; sourceTree = SOURCE_ROOT; };
		97A4D294333937DB66674A0D /* ofxGuiGroup.h */ = {isa = PBXFileReference; explicitFileType = sourcecode.c.h; fileEncoding = 30; name = ofxGuiGroup.h; path = ../../../../../Documents/_gllm/of_git/of_v20170517_osx_release/addons/ofxGui/src/ofxGuiGroup.h; sourceTree = SOURCE_ROOT; };
		9E867E5D0FD99A471009E341 /* ofxOscArg.h */ = {isa = PBXFileReference; explicitFileType = sourcecode.c.h; fileEncoding = 30; name = ofxOscArg.h; path = ../../../../../Documents/_gllm/of_git/of_v20170517_osx_release/addons/ofxOsc/src/ofxOscArg.h; sourceTree = SOURCE_ROOT; };
		9ED5EBEEF6F34D8DDFC66A9B /* OscOutboundPacketStream.h */ = {isa = PBXFileReference; explicitFileType = sourcecode.c.h; fileEncoding = 30; name = OscOutboundPacketStream.h; path = ../../../../../Documents/_gllm/of_git/of_v20170517_osx_release/addons/ofxOsc/libs/oscpack/src/osc/OscOutboundPacketStream.h; sourceTree = SOURCE_ROOT; };
		A11F410C7D7EEE4BD6EDD189 /* ofxBaseGui.cpp */ = {isa = PBXFileReference; explicitFileType = sourcecode.cpp.cpp; fileEncoding = 30; name = ofxBaseGui.cpp; path = ../../../../../Documents/_gllm/of_git/of_v20170517_osx_release/addons/ofxGui/src/ofxBaseGui.cpp; sourceTree = SOURCE_ROOT; };
		A262A0AA4ABA824FAE34D310 /* ofxOsc.h */ = {isa = PBXFileReference; explicitFileType = sourcecode.c.h; fileEncoding = 30; name = ofxOsc.h; path = ../../../../../Documents/_gllm/of_git/of_v20170517_osx_release/addons/ofxOsc/src/ofxOsc.h; sourceTree = SOURCE_ROOT; };
		ABD23D65BD15C8247F48FE48 /* OscHostEndianness.h */ = {isa = PBXFileReference; explicitFileType = sourcecode.c.h; fileEncoding = 30; name = OscHostEndianness.h; path = ../../../../../Documents/_gllm/of_git/of_v20170517_osx_release/addons/ofxOsc/libs/oscpack/src/osc/OscHostEndianness.h; sourceTree = SOURCE_ROOT; };
		AE131DECFC35AFCF2D923422 /* ofxOscSender.h */ = {isa = PBXFileReference; explicitFileType = sourcecode.c.h; fileEncoding = 30; name = ofxOscSender.h; path = ../../../../../Documents/_gllm/of_git/of_v20170517_osx_release/addons/ofxOsc/src/ofxOscSender.h; sourceTree = SOURCE_ROOT; };
		AE1686386BA8FFFFD327E0C6 /* ofxLabel.h */ = {isa = PBXFileReference; explicitFileType = sourcecode.c.h; fileEncoding = 30; name = ofxLabel.h; path = ../../../../../Documents/_gllm/of_git/of_v20170517_osx_release/addons/ofxGui/src/ofxLabel.h; sourceTree = SOURCE_ROOT; };
		B8A75AB61952246F46CCA63A /* ofxGuiGroup.cpp */ = {isa = PBXFileReference; explicitFileType = sourcecode.cpp.cpp; fileEncoding = 30; name = ofxGuiGroup.cpp; path = ../../../../../Documents/_gllm/of_git/of_v20170517_osx_release/addons/ofxGui/src/ofxGuiGroup.cpp; sourceTree = SOURCE_ROOT; };
		B8FCE19A84FE7C99598383A5 /* PacketListener.h */ = {isa = PBXFileReference; explicitFileType = sourcecode.c.h; fileEncoding = 30; name = PacketListener.h; path = ../../../../../Documents/_gllm/of_git/of_v20170517_osx_release/addons/ofxOsc/libs/oscpack/src/ip/PacketListener.h; sourceTree = SOURCE_ROOT; };
		C686DDA60203020519F008D1 /* ofxSlider.cpp */ = {isa = PBXFileReference; explicitFileType = sourcecode.cpp.cpp; fileEncoding = 30; name = ofxSlider.cpp; path = ../../../../../Documents/_gllm/of_git/of_v20170517_osx_release/addons/ofxGui/src/ofxSlider.cpp; sourceTree = SOURCE_ROOT; };
		C7DEAA40A0BCE9ACA8BD0E4B /* OscReceivedElements.h */ = {isa = PBXFileReference; explicitFileType = sourcecode.c.h; fileEncoding = 30; name = OscReceivedElements.h; path = ../../../../../Documents/_gllm/of_git/of_v20170517_osx_release/addons/ofxOsc/libs/oscpack/src/osc/OscReceivedElements.h; sourceTree = SOURCE_ROOT; };
		C9DDEBF2A4C7BD1DBE83E444 /* ofxOscBundle.cpp */ = {isa = PBXFileReference; explicitFileType = sourcecode.cpp.cpp; fileEncoding = 30; name = ofxOscBundle.cpp; path = ../../../../../Documents/_gllm/of_git/of_v20170517_osx_release/addons/ofxOsc/src/ofxOscBundle.cpp; sourceTree = SOURCE_ROOT; };
		D121FF8C219A4B1B37970C51 /* ofxToggle.cpp */ = {isa = PBXFileReference; explicitFileType = sourcecode.cpp.cpp; fileEncoding = 30; name = ofxToggle.cpp; path = ../../../../../Documents/_gllm/of_git/of_v20170517_osx_release/addons/ofxGui/src/ofxToggle.cpp; sourceTree = SOURCE_ROOT; };
		DBB4C2BD0A70841656BEA159 /* OscTypes.cpp */ = {isa = PBXFileReference; explicitFileType = sourcecode.cpp.cpp; fileEncoding = 30; name = OscTypes.cpp; path = ../../../../../Documents/_gllm/of_git/of_v20170517_osx_release/addons/ofxOsc/libs/oscpack/src/osc/OscTypes.cpp; sourceTree = SOURCE_ROOT; };
		E250E393D6627AD3CED6F9ED /* OscTypes.h */ = {isa = PBXFileReference; explicitFileType = sourcecode.c.h; fileEncoding = 30; name = OscTypes.h; path = ../../../../../Documents/_gllm/of_git/of_v20170517_osx_release/addons/ofxOsc/libs/oscpack/src/osc/OscTypes.h; sourceTree = SOURCE_ROOT; };
		E4328143138ABC890047C5CB /* openFrameworksLib.xcodeproj */ = {isa = PBXFileReference; lastKnownFileType = "wrapper.pb-project"; name = openFrameworksLib.xcodeproj; path = ../../../../../Documents/_gllm/of_git/of_v20170517_osx_release/libs/openFrameworksCompiled/project/osx/openFrameworksLib.xcodeproj; sourceTree = SOURCE_ROOT; };
		E4B69B5B0A3A1756003C02F2 /* murmurationsDebug.app */ = {isa = PBXFileReference; explicitFileType = wrapper.application; includeInIndex = 0; path = murmurationsDebug.app; sourceTree = BUILT_PRODUCTS_DIR; };
		E4B69E1D0A3A1BDC003C02F2 /* main.cpp */ = {isa = PBXFileReference; fileEncoding = 30; lastKnownFileType = sourcecode.cpp.cpp; name = main.cpp; path = src/main.cpp; sourceTree = SOURCE_ROOT; };
		E4B69E1E0A3A1BDC003C02F2 /* ofApp.cpp */ = {isa = PBXFileReference; explicitFileType = sourcecode.cpp.cpp; fileEncoding = 30; name = ofApp.cpp; path = src/ofApp.cpp; sourceTree = SOURCE_ROOT; };
		E4B69E1F0A3A1BDC003C02F2 /* ofApp.h */ = {isa = PBXFileReference; fileEncoding = 30; lastKnownFileType = sourcecode.c.h; name = ofApp.h; path = src/ofApp.h; sourceTree = SOURCE_ROOT; };
		E4B6FCAD0C3E899E008CF71C /* openFrameworks-Info.plist */ = {isa = PBXFileReference; fileEncoding = 30; lastKnownFileType = text.plist.xml; path = "openFrameworks-Info.plist"; sourceTree = "<group>"; };
		E4EB691F138AFCF100A09F29 /* CoreOF.xcconfig */ = {isa = PBXFileReference; fileEncoding = 4; lastKnownFileType = text.xcconfig; name = CoreOF.xcconfig; path = ../../../../../Documents/_gllm/of_git/of_v20170517_osx_release/libs/openFrameworksCompiled/project/osx/CoreOF.xcconfig; sourceTree = SOURCE_ROOT; };
		E4EB6923138AFD0F00A09F29 /* Project.xcconfig */ = {isa = PBXFileReference; fileEncoding = 4; lastKnownFileType = text.xcconfig; path = Project.xcconfig; sourceTree = "<group>"; };
		E7ADB3A76973E53A0E5DF2CF /* ofxSliderGroup.cpp */ = {isa = PBXFileReference; explicitFileType = sourcecode.cpp.cpp; fileEncoding = 30; name = ofxSliderGroup.cpp; path = ../../../../../Documents/_gllm/of_git/of_v20170517_osx_release/addons/ofxGui/src/ofxSliderGroup.cpp; sourceTree = SOURCE_ROOT; };
		F5719243285CBF6628648458 /* NetworkingUtils.cpp */ = {isa = PBXFileReference; explicitFileType = sourcecode.cpp.cpp; fileEncoding = 30; name = NetworkingUtils.cpp; path = ../../../../../Documents/_gllm/of_git/of_v20170517_osx_release/addons/ofxOsc/libs/oscpack/src/ip/posix/NetworkingUtils.cpp; sourceTree = SOURCE_ROOT; };
		F57DC2766A9ACFBA5A62608A /* MessageMappingOscPacketListener.h */ = {isa = PBXFileReference; explicitFileType = sourcecode.c.h; fileEncoding = 30; name = MessageMappingOscPacketListener.h; path = ../../../../../Documents/_gllm/of_git/of_v20170517_osx_release/addons/ofxOsc/libs/oscpack/src/osc/MessageMappingOscPacketListener.h; sourceTree = SOURCE_ROOT; };
		F8B5619C8EA669F3849CFC36 /* ofxToggle.h */ = {isa = PBXFileReference; explicitFileType = sourcecode.c.h; fileEncoding = 30; name = ofxToggle.h; path = ../../../../../Documents/_gllm/of_git/of_v20170517_osx_release/addons/ofxGui/src/ofxToggle.h; sourceTree = SOURCE_ROOT; };
		FB983616CB8CFC98544A72AA /* ofxColorPicker.h */ = {isa = PBXFileReference; explicitFileType = sourcecode.c.h; fileEncoding = 30; name = ofxColorPicker.h; path = ../../../../../Documents/_gllm/of_git/of_v20170517_osx_release/addons/ofxGui/src/ofxColorPicker.h; sourceTree = SOURCE_ROOT; };
/* End PBXFileReference section */

/* Begin PBXFrameworksBuildPhase section */
		E4B69B590A3A1756003C02F2 /* Frameworks */ = {
			isa = PBXFrameworksBuildPhase;
			buildActionMask = 2147483647;
			files = (
				E4328149138ABC9F0047C5CB /* openFrameworksDebug.a in Frameworks */,
			);
			runOnlyForDeploymentPostprocessing = 0;
		};
/* End PBXFrameworksBuildPhase section */

/* Begin PBXGroup section */
		30CB364908817057B430D528 /* osc */ = {
			isa = PBXGroup;
			children = (
				F57DC2766A9ACFBA5A62608A /* MessageMappingOscPacketListener.h */,
				7651D61DD9CBD5662E81BC75 /* OscException.h */,
				ABD23D65BD15C8247F48FE48 /* OscHostEndianness.h */,
				862898C7D1FABF168B69A0AB /* OscOutboundPacketStream.cpp */,
				9ED5EBEEF6F34D8DDFC66A9B /* OscOutboundPacketStream.h */,
				309F267BCBD33A7E856DE91F /* OscPacketListener.h */,
				6C406C8481E279A5AAA1AFF7 /* OscPrintReceivedElements.cpp */,
				199F24D781879C1B8C9D19DC /* OscPrintReceivedElements.h */,
				1108AAF5F5AFB057D7335B85 /* OscReceivedElements.cpp */,
				C7DEAA40A0BCE9ACA8BD0E4B /* OscReceivedElements.h */,
				DBB4C2BD0A70841656BEA159 /* OscTypes.cpp */,
				E250E393D6627AD3CED6F9ED /* OscTypes.h */,
			);
			name = osc;
			sourceTree = "<group>";
		};
		38871A5825686AE018EC2BF0 /* libs */ = {
			isa = PBXGroup;
			children = (
				86D2677079A3AF4A5A88E29A /* oscpack */,
			);
			name = libs;
			sourceTree = "<group>";
		};
		480A780D8D0308AE4A368801 /* ofxGui */ = {
			isa = PBXGroup;
			children = (
				A763ED608B35AE3310251DEE /* src */,
			);
			name = ofxGui;
			sourceTree = "<group>";
		};
		641362CA659FAFEE4E81001B /* posix */ = {
			isa = PBXGroup;
			children = (
				F5719243285CBF6628648458 /* NetworkingUtils.cpp */,
				55DA602D4D67D4E61F25FF7D /* UdpSocket.cpp */,
			);
			name = posix;
			sourceTree = "<group>";
		};
		6948EE371B920CB800B5AC1A /* local_addons */ = {
			isa = PBXGroup;
			children = (
			);
			name = local_addons;
			sourceTree = "<group>";
		};
		86D2677079A3AF4A5A88E29A /* oscpack */ = {
			isa = PBXGroup;
			children = (
				D27B2221A225CA523C019676 /* src */,
			);
			name = oscpack;
			sourceTree = "<group>";
		};
		A763ED608B35AE3310251DEE /* src */ = {
			isa = PBXGroup;
			children = (
				A11F410C7D7EEE4BD6EDD189 /* ofxBaseGui.cpp */,
				63D1E21EBB7218485660857E /* ofxBaseGui.h */,
				4DBDD69976FE4BA8F61F2B9A /* ofxButton.cpp */,
				72B5DA9BB0CAF2CA948B2C10 /* ofxButton.h */,
				0B0C788496751D6535BF744C /* ofxColorPicker.cpp */,
				FB983616CB8CFC98544A72AA /* ofxColorPicker.h */,
				4561CA2C7A8C5D4987FDAEE7 /* ofxGui.h */,
				B8A75AB61952246F46CCA63A /* ofxGuiGroup.cpp */,
				97A4D294333937DB66674A0D /* ofxGuiGroup.h */,
				10E62BD0E30E5BE90CBE9869 /* ofxInputField.cpp */,
				43F30A47ED7A7100E2202BC0 /* ofxInputField.h */,
				27FAB428FB8A7913903717C1 /* ofxLabel.cpp */,
				AE1686386BA8FFFFD327E0C6 /* ofxLabel.h */,
				3A8B18E3A457B3AA4BB30136 /* ofxPanel.cpp */,
				17CD9699A593F2355ACA18DD /* ofxPanel.h */,
				C686DDA60203020519F008D1 /* ofxSlider.cpp */,
				1BCE8CD75B3B57EC9BB9F1E7 /* ofxSlider.h */,
				E7ADB3A76973E53A0E5DF2CF /* ofxSliderGroup.cpp */,
				117CA04B3D5C217922405628 /* ofxSliderGroup.h */,
				D121FF8C219A4B1B37970C51 /* ofxToggle.cpp */,
				F8B5619C8EA669F3849CFC36 /* ofxToggle.h */,
			);
			name = src;
			sourceTree = "<group>";
		};
		BB4B014C10F69532006C3DED /* addons */ = {
			isa = PBXGroup;
			children = (
				480A780D8D0308AE4A368801 /* ofxGui */,
				E6053AB7FEC63D5F83825B88 /* ofxOsc */,
			);
			name = addons;
			sourceTree = "<group>";
		};
		BD2F1A9F8D0C05EDB29122D0 /* src */ = {
			isa = PBXGroup;
			children = (
				A262A0AA4ABA824FAE34D310 /* ofxOsc.h */,
				9E867E5D0FD99A471009E341 /* ofxOscArg.h */,
				C9DDEBF2A4C7BD1DBE83E444 /* ofxOscBundle.cpp */,
				12171E55B109C95154E5DA88 /* ofxOscBundle.h */,
				247EC1DD7F4562407EC8CF3D /* ofxOscMessage.cpp */,
				139913E952F46C13F9DC7C71 /* ofxOscMessage.h */,
				1FB82B177B63A632AB58EE21 /* ofxOscParameterSync.cpp */,
				8F46ED0C51C3D6F84D8F7650 /* ofxOscParameterSync.h */,
				0DDAD8B045B144649196FDF4 /* ofxOscReceiver.cpp */,
				84B8E3019B78521591D5EE9B /* ofxOscReceiver.h */,
				602AF51D9FE1C2C407561985 /* ofxOscSender.cpp */,
				AE131DECFC35AFCF2D923422 /* ofxOscSender.h */,
			);
			name = src;
			sourceTree = "<group>";
		};
		D27B2221A225CA523C019676 /* src */ = {
			isa = PBXGroup;
			children = (
				FF8CDF57858E9B94E3237115 /* ip */,
				30CB364908817057B430D528 /* osc */,
			);
			name = src;
			sourceTree = "<group>";
		};
		E4328144138ABC890047C5CB /* Products */ = {
			isa = PBXGroup;
			children = (
				E4328148138ABC890047C5CB /* openFrameworksDebug.a */,
			);
			name = Products;
			sourceTree = "<group>";
		};
		E4B69B4A0A3A1720003C02F2 = {
			isa = PBXGroup;
			children = (
				E4B6FCAD0C3E899E008CF71C /* openFrameworks-Info.plist */,
				E4EB6923138AFD0F00A09F29 /* Project.xcconfig */,
				E4B69E1C0A3A1BDC003C02F2 /* src */,
				E4EEC9E9138DF44700A80321 /* openFrameworks */,
				BB4B014C10F69532006C3DED /* addons */,
				6948EE371B920CB800B5AC1A /* local_addons */,
				E4B69B5B0A3A1756003C02F2 /* murmurationsDebug.app */,
			);
			sourceTree = "<group>";
		};
		E4B69E1C0A3A1BDC003C02F2 /* src */ = {
			isa = PBXGroup;
			children = (
				E4B69E1D0A3A1BDC003C02F2 /* main.cpp */,
				E4B69E1E0A3A1BDC003C02F2 /* ofApp.cpp */,
				E4B69E1F0A3A1BDC003C02F2 /* ofApp.h */,
				4D9AA0561F094A3300B00775 /* murmure.cpp */,
				4D9AA0571F094A3300B00775 /* murmure.hpp */,
			);
			path = src;
			sourceTree = SOURCE_ROOT;
		};
		E4EEC9E9138DF44700A80321 /* openFrameworks */ = {
			isa = PBXGroup;
			children = (
				E4EB691F138AFCF100A09F29 /* CoreOF.xcconfig */,
				E4328143138ABC890047C5CB /* openFrameworksLib.xcodeproj */,
			);
			name = openFrameworks;
			sourceTree = "<group>";
		};
		E6053AB7FEC63D5F83825B88 /* ofxOsc */ = {
			isa = PBXGroup;
			children = (
				BD2F1A9F8D0C05EDB29122D0 /* src */,
				38871A5825686AE018EC2BF0 /* libs */,
			);
			name = ofxOsc;
			sourceTree = "<group>";
		};
		FF8CDF57858E9B94E3237115 /* ip */ = {
			isa = PBXGroup;
			children = (
				8B611A990E9F350F61AA3E94 /* IpEndpointName.cpp */,
				5145F09BE0CA32D700B85E11 /* IpEndpointName.h */,
				1EC93CC27BA85D66550B4A4D /* NetworkingUtils.h */,
				B8FCE19A84FE7C99598383A5 /* PacketListener.h */,
				641362CA659FAFEE4E81001B /* posix */,
				31EFCBFBE88747A45E0CB9CB /* TimerListener.h */,
				5F9B9591BF80A3C69F489A3D /* UdpSocket.h */,
			);
			name = ip;
			sourceTree = "<group>";
		};
/* End PBXGroup section */

/* Begin PBXNativeTarget section */
		E4B69B5A0A3A1756003C02F2 /* murmurations */ = {
			isa = PBXNativeTarget;
			buildConfigurationList = E4B69B5F0A3A1757003C02F2 /* Build configuration list for PBXNativeTarget "murmurations" */;
			buildPhases = (
				E4B69B580A3A1756003C02F2 /* Sources */,
				E4B69B590A3A1756003C02F2 /* Frameworks */,
				E4B6FFFD0C3F9AB9008CF71C /* ShellScript */,
				E4C2427710CC5ABF004149E2 /* CopyFiles */,
				8466F1851C04CA0E00918B1C /* ShellScript */,
			);
			buildRules = (
			);
			dependencies = (
				E4EEB9AC138B136A00A80321 /* PBXTargetDependency */,
			);
			name = murmurations;
			productName = myOFApp;
			productReference = E4B69B5B0A3A1756003C02F2 /* murmurationsDebug.app */;
			productType = "com.apple.product-type.application";
		};
/* End PBXNativeTarget section */

/* Begin PBXProject section */
		E4B69B4C0A3A1720003C02F2 /* Project object */ = {
			isa = PBXProject;
			attributes = {
				LastUpgradeCheck = 0600;
			};
			buildConfigurationList = E4B69B4D0A3A1720003C02F2 /* Build configuration list for PBXProject "murmurations" */;
			compatibilityVersion = "Xcode 3.2";
			developmentRegion = English;
			hasScannedForEncodings = 0;
			knownRegions = (
				English,
				Japanese,
				French,
				German,
			);
			mainGroup = E4B69B4A0A3A1720003C02F2;
			productRefGroup = E4B69B4A0A3A1720003C02F2;
			projectDirPath = "";
			projectReferences = (
				{
					ProductGroup = E4328144138ABC890047C5CB /* Products */;
					ProjectRef = E4328143138ABC890047C5CB /* openFrameworksLib.xcodeproj */;
				},
			);
			projectRoot = "";
			targets = (
				E4B69B5A0A3A1756003C02F2 /* murmurations */,
			);
		};
/* End PBXProject section */

/* Begin PBXReferenceProxy section */
		E4328148138ABC890047C5CB /* openFrameworksDebug.a */ = {
			isa = PBXReferenceProxy;
			fileType = archive.ar;
			path = openFrameworksDebug.a;
			remoteRef = E4328147138ABC890047C5CB /* PBXContainerItemProxy */;
			sourceTree = BUILT_PRODUCTS_DIR;
		};
/* End PBXReferenceProxy section */

/* Begin PBXShellScriptBuildPhase section */
		8466F1851C04CA0E00918B1C /* ShellScript */ = {
			isa = PBXShellScriptBuildPhase;
			buildActionMask = 12;
			files = (
			);
			inputPaths = (
			);
			outputPaths = (
			);
			runOnlyForDeploymentPostprocessing = 0;
			shellPath = /bin/sh;
			shellScript = "echo \"$GCC_PREPROCESSOR_DEFINITIONS\";\nAPPSTORE=`expr \"$GCC_PREPROCESSOR_DEFINITIONS\" : \".*APPSTORE=\\([0-9]*\\)\"`\nif [ -z \"$APPSTORE\" ] ; then\necho \"Note: Not copying bin/data to App Package or doing App Code signing. Use AppStore target for AppStore distribution\";\nelse\n# Copy bin/data into App/Resources\nrsync -avz --exclude='.DS_Store' \"${SRCROOT}/bin/data/\" \"${TARGET_BUILD_DIR}/${UNLOCALIZED_RESOURCES_FOLDER_PATH}/data/\"\n\n# ---- Code Sign App Package ----\n\n# WARNING: You may have to run Clean in Xcode after changing CODE_SIGN_IDENTITY!\n\n# Verify that $CODE_SIGN_IDENTITY is set\nif [ -z \"${CODE_SIGN_IDENTITY}\" ] ; then\necho \"CODE_SIGN_IDENTITY needs to be set for framework code-signing\"\nexit 0\nfi\n\nif [ -z \"${CODE_SIGN_ENTITLEMENTS}\" ] ; then\necho \"CODE_SIGN_ENTITLEMENTS needs to be set for framework code-signing!\"\n\nif [ \"${CONFIGURATION}\" = \"Release\" ] ; then\nexit 1\nelse\n# Code-signing is optional for non-release builds.\nexit 0\nfi\nfi\n\nITEMS=\"\"\n\nFRAMEWORKS_DIR=\"${TARGET_BUILD_DIR}/${FRAMEWORKS_FOLDER_PATH}\"\necho \"$FRAMEWORKS_DIR\"\nif [ -d \"$FRAMEWORKS_DIR\" ] ; then\nFRAMEWORKS=$(find \"${FRAMEWORKS_DIR}\" -depth -type d -name \"*.framework\" -or -name \"*.dylib\" -or -name \"*.bundle\" | sed -e \"s/\\(.*framework\\)/\\1\\/Versions\\/A\\//\")\nRESULT=$?\nif [[ $RESULT != 0 ]] ; then\nexit 1\nfi\n\nITEMS=\"${FRAMEWORKS}\"\nfi\n\nLOGINITEMS_DIR=\"${TARGET_BUILD_DIR}/${CONTENTS_FOLDER_PATH}/Library/LoginItems/\"\nif [ -d \"$LOGINITEMS_DIR\" ] ; then\nLOGINITEMS=$(find \"${LOGINITEMS_DIR}\" -depth -type d -name \"*.app\")\nRESULT=$?\nif [[ $RESULT != 0 ]] ; then\nexit 1\nfi\n\nITEMS=\"${ITEMS}\"$'\\n'\"${LOGINITEMS}\"\nfi\n\n# Prefer the expanded name, if available.\nCODE_SIGN_IDENTITY_FOR_ITEMS=\"${EXPANDED_CODE_SIGN_IDENTITY_NAME}\"\nif [ \"${CODE_SIGN_IDENTITY_FOR_ITEMS}\" = \"\" ] ; then\n# Fall back to old behavior.\nCODE_SIGN_IDENTITY_FOR_ITEMS=\"${CODE_SIGN_IDENTITY}\"\nfi\n\necho \"Identity:\"\necho \"${CODE_SIGN_IDENTITY_FOR_ITEMS}\"\n\necho \"Entitlements:\"\necho \"${CODE_SIGN_ENTITLEMENTS}\"\n\necho \"Found:\"\necho \"${ITEMS}\"\n\n# Change the Internal Field Separator (IFS) so that spaces in paths will not cause problems below.\nSAVED_IFS=$IFS\nIFS=$(echo -en \"\\n\\b\")\n\n# Loop through all items.\nfor ITEM in $ITEMS;\ndo\necho \"Signing '${ITEM}'\"\ncodesign --force --verbose --sign \"${CODE_SIGN_IDENTITY_FOR_ITEMS}\" --entitlements \"${CODE_SIGN_ENTITLEMENTS}\" \"${ITEM}\"\nRESULT=$?\nif [[ $RESULT != 0 ]] ; then\necho \"Failed to sign '${ITEM}'.\"\nIFS=$SAVED_IFS\nexit 1\nfi\ndone\n\n# Restore $IFS.\nIFS=$SAVED_IFS\n\nfi\n";
		};
		E4B6FFFD0C3F9AB9008CF71C /* ShellScript */ = {
			isa = PBXShellScriptBuildPhase;
			buildActionMask = 2147483647;
			files = (
			);
			inputPaths = (
			);
			outputPaths = (
			);
			runOnlyForDeploymentPostprocessing = 0;
			shellPath = /bin/sh;
			shellScript = "mkdir -p \"$TARGET_BUILD_DIR/$PRODUCT_NAME.app/Contents/Resources/\"\n# Copy default icon file into App/Resources\nrsync -aved \"$ICON_FILE\" \"$TARGET_BUILD_DIR/$PRODUCT_NAME.app/Contents/Resources/\"\n# Copy libfmod and change install directory for fmod to run\nrsync -aved \"$OF_PATH/libs/fmodex/lib/osx/libfmodex.dylib\" \"$TARGET_BUILD_DIR/$PRODUCT_NAME.app/Contents/Frameworks/\";\ninstall_name_tool -change @executable_path/libfmodex.dylib @executable_path/../Frameworks/libfmodex.dylib \"$TARGET_BUILD_DIR/$PRODUCT_NAME.app/Contents/MacOS/$PRODUCT_NAME\";\n\necho \"$GCC_PREPROCESSOR_DEFINITIONS\";\n";
		};
/* End PBXShellScriptBuildPhase section */

/* Begin PBXSourcesBuildPhase section */
		E4B69B580A3A1756003C02F2 /* Sources */ = {
			isa = PBXSourcesBuildPhase;
			buildActionMask = 2147483647;
			files = (
				E4B69E200A3A1BDC003C02F2 /* main.cpp in Sources */,
				E4B69E210A3A1BDC003C02F2 /* ofApp.cpp in Sources */,
				60516165B626426897228F97 /* ofxBaseGui.cpp in Sources */,
				D31ABE8307C9A1C55FC869F1 /* ofxButton.cpp in Sources */,
				00F1664638C1A8E9697867B4 /* ofxColorPicker.cpp in Sources */,
				48B9B7F1CD7E7E23298ECF2C /* ofxGuiGroup.cpp in Sources */,
				B8E9B4F358537DB806DCCDC4 /* ofxInputField.cpp in Sources */,
				835874FD70E255C9FE30ED31 /* ofxLabel.cpp in Sources */,
				9D65C39762554A40F386D34A /* ofxPanel.cpp in Sources */,
				BAF2033B7C3468071B70C12E /* ofxSlider.cpp in Sources */,
				478517EFCD8092DD4F256EC6 /* ofxSliderGroup.cpp in Sources */,
				4D9AA0581F094A3300B00775 /* murmure.cpp in Sources */,
				629930AC341B9BED8BE95491 /* ofxToggle.cpp in Sources */,
				97CD74E13264804639C9292D /* ofxOscBundle.cpp in Sources */,
				13982E869E498D5176632249 /* ofxOscMessage.cpp in Sources */,
				DB570F1D629206800166F12C /* ofxOscParameterSync.cpp in Sources */,
				722F56695C9AEC8BC6F67AF0 /* ofxOscReceiver.cpp in Sources */,
				5853BDA09B53027D2360CC7B /* ofxOscSender.cpp in Sources */,
				EB943F63593F4171446157EF /* IpEndpointName.cpp in Sources */,
				A49A24AEE5855BD3C90A83F0 /* NetworkingUtils.cpp in Sources */,
				EE72BC9CB301CC8C6B108F22 /* UdpSocket.cpp in Sources */,
				D769DD49EF5D0EEBE1B918F0 /* OscOutboundPacketStream.cpp in Sources */,
				E25DF81ED71EAB5852FEF96A /* OscPrintReceivedElements.cpp in Sources */,
				E2A461FC553450200533B4D8 /* OscReceivedElements.cpp in Sources */,
				0B0045F54A28BF38988C57DD /* OscTypes.cpp in Sources */,
			);
			runOnlyForDeploymentPostprocessing = 0;
		};
/* End PBXSourcesBuildPhase section */

/* Begin PBXTargetDependency section */
		E4EEB9AC138B136A00A80321 /* PBXTargetDependency */ = {
			isa = PBXTargetDependency;
			name = openFrameworks;
			targetProxy = E4EEB9AB138B136A00A80321 /* PBXContainerItemProxy */;
		};
/* End PBXTargetDependency section */

/* Begin XCBuildConfiguration section */
		99FA3DBB1C7456C400CFA0EE /* AppStore */ = {
			isa = XCBuildConfiguration;
			baseConfigurationReference = E4EB6923138AFD0F00A09F29 /* Project.xcconfig */;
			buildSettings = {
				CONFIGURATION_BUILD_DIR = "$(SRCROOT)/bin/";
				COPY_PHASE_STRIP = YES;
				DEAD_CODE_STRIPPING = YES;
				GCC_AUTO_VECTORIZATION = YES;
				GCC_ENABLE_SSE3_EXTENSIONS = YES;
				GCC_ENABLE_SUPPLEMENTAL_SSE3_INSTRUCTIONS = YES;
				GCC_INLINES_ARE_PRIVATE_EXTERN = NO;
				GCC_OPTIMIZATION_LEVEL = 3;
				"GCC_PREPROCESSOR_DEFINITIONS[arch=*]" = "DISTRIBUTION=1";
				GCC_SYMBOLS_PRIVATE_EXTERN = NO;
				GCC_UNROLL_LOOPS = YES;
				GCC_WARN_ABOUT_DEPRECATED_FUNCTIONS = YES;
				GCC_WARN_ABOUT_INVALID_OFFSETOF_MACRO = NO;
				GCC_WARN_ALLOW_INCOMPLETE_PROTOCOL = NO;
				GCC_WARN_UNINITIALIZED_AUTOS = NO;
				GCC_WARN_UNUSED_VALUE = NO;
				GCC_WARN_UNUSED_VARIABLE = NO;
				HEADER_SEARCH_PATHS = (
					"$(OF_CORE_HEADERS)",
					../../../../../Documents/_gllm/of_git/of_v20170517_osx_release/addons/ofxGui/src,
					../../../../../Documents/_gllm/of_git/of_v20170517_osx_release/addons/ofxOsc/libs,
					../../../../../Documents/_gllm/of_git/of_v20170517_osx_release/addons/ofxOsc/libs/oscpack,
					../../../../../Documents/_gllm/of_git/of_v20170517_osx_release/addons/ofxOsc/libs/oscpack/src,
					../../../../../Documents/_gllm/of_git/of_v20170517_osx_release/addons/ofxOsc/libs/oscpack/src/ip,
					../../../../../Documents/_gllm/of_git/of_v20170517_osx_release/addons/ofxOsc/libs/oscpack/src/ip/posix,
					../../../../../Documents/_gllm/of_git/of_v20170517_osx_release/addons/ofxOsc/libs/oscpack/src/ip/win32,
					../../../../../Documents/_gllm/of_git/of_v20170517_osx_release/addons/ofxOsc/libs/oscpack/src/osc,
					../../../../../Documents/_gllm/of_git/of_v20170517_osx_release/addons/ofxOsc/src,
				);
				MACOSX_DEPLOYMENT_TARGET = 10.9;
				OTHER_CPLUSPLUSFLAGS = (
					"-D__MACOSX_CORE__",
					"-mtune=native",
				);
				SDKROOT = macosx;
			};
			name = AppStore;
		};
		99FA3DBC1C7456C400CFA0EE /* AppStore */ = {
			isa = XCBuildConfiguration;
			baseConfigurationReference = E4EB6923138AFD0F00A09F29 /* Project.xcconfig */;
			buildSettings = {
				COMBINE_HIDPI_IMAGES = YES;
				COPY_PHASE_STRIP = YES;
				FRAMEWORK_SEARCH_PATHS = "$(inherited)";
				GCC_GENERATE_DEBUGGING_SYMBOLS = YES;
				GCC_MODEL_TUNING = NONE;
				"GCC_PREPROCESSOR_DEFINITIONS[arch=*]" = "APPSTORE=1";
				HEADER_SEARCH_PATHS = (
					"$(OF_CORE_HEADERS)",
					../../../../../Documents/_gllm/of_git/of_v20170517_osx_release/addons/ofxGui/src,
					../../../../../Documents/_gllm/of_git/of_v20170517_osx_release/addons/ofxOsc/libs,
					../../../../../Documents/_gllm/of_git/of_v20170517_osx_release/addons/ofxOsc/libs/oscpack,
					../../../../../Documents/_gllm/of_git/of_v20170517_osx_release/addons/ofxOsc/libs/oscpack/src,
					../../../../../Documents/_gllm/of_git/of_v20170517_osx_release/addons/ofxOsc/libs/oscpack/src/ip,
					../../../../../Documents/_gllm/of_git/of_v20170517_osx_release/addons/ofxOsc/libs/oscpack/src/ip/posix,
					../../../../../Documents/_gllm/of_git/of_v20170517_osx_release/addons/ofxOsc/libs/oscpack/src/ip/win32,
					../../../../../Documents/_gllm/of_git/of_v20170517_osx_release/addons/ofxOsc/libs/oscpack/src/osc,
					../../../../../Documents/_gllm/of_git/of_v20170517_osx_release/addons/ofxOsc/src,
				);
				ICON = "$(ICON_NAME_RELEASE)";
				ICON_FILE = "$(ICON_FILE_PATH)$(ICON)";
				INFOPLIST_FILE = "openFrameworks-Info.plist";
				INSTALL_PATH = /Applications;
				LIBRARY_SEARCH_PATHS = "$(inherited)";
				PRODUCT_NAME = "$(TARGET_NAME)";
				WRAPPER_EXTENSION = app;
				baseConfigurationReference = E4EB6923138AFD0F00A09F29;
			};
			name = AppStore;
		};
		E4B69B4E0A3A1720003C02F2 /* Debug */ = {
			isa = XCBuildConfiguration;
			baseConfigurationReference = E4EB6923138AFD0F00A09F29 /* Project.xcconfig */;
			buildSettings = {
				CONFIGURATION_BUILD_DIR = "$(SRCROOT)/bin/";
				COPY_PHASE_STRIP = NO;
				DEAD_CODE_STRIPPING = YES;
				GCC_AUTO_VECTORIZATION = YES;
				GCC_ENABLE_SSE3_EXTENSIONS = YES;
				GCC_ENABLE_SUPPLEMENTAL_SSE3_INSTRUCTIONS = YES;
				GCC_INLINES_ARE_PRIVATE_EXTERN = NO;
				GCC_OPTIMIZATION_LEVEL = 0;
				GCC_SYMBOLS_PRIVATE_EXTERN = NO;
				GCC_WARN_ABOUT_DEPRECATED_FUNCTIONS = YES;
				GCC_WARN_ABOUT_INVALID_OFFSETOF_MACRO = NO;
				GCC_WARN_ALLOW_INCOMPLETE_PROTOCOL = NO;
				GCC_WARN_UNINITIALIZED_AUTOS = NO;
				GCC_WARN_UNUSED_VALUE = NO;
				GCC_WARN_UNUSED_VARIABLE = NO;
				HEADER_SEARCH_PATHS = (
					"$(OF_CORE_HEADERS)",
					../../../../../Documents/_gllm/of_git/of_v20170517_osx_release/addons/ofxGui/src,
					../../../../../Documents/_gllm/of_git/of_v20170517_osx_release/addons/ofxOsc/libs,
					../../../../../Documents/_gllm/of_git/of_v20170517_osx_release/addons/ofxOsc/libs/oscpack,
					../../../../../Documents/_gllm/of_git/of_v20170517_osx_release/addons/ofxOsc/libs/oscpack/src,
					../../../../../Documents/_gllm/of_git/of_v20170517_osx_release/addons/ofxOsc/libs/oscpack/src/ip,
					../../../../../Documents/_gllm/of_git/of_v20170517_osx_release/addons/ofxOsc/libs/oscpack/src/ip/posix,
					../../../../../Documents/_gllm/of_git/of_v20170517_osx_release/addons/ofxOsc/libs/oscpack/src/ip/win32,
					../../../../../Documents/_gllm/of_git/of_v20170517_osx_release/addons/ofxOsc/libs/oscpack/src/osc,
					../../../../../Documents/_gllm/of_git/of_v20170517_osx_release/addons/ofxOsc/src,
				);
				MACOSX_DEPLOYMENT_TARGET = 10.9;
				ONLY_ACTIVE_ARCH = YES;
				OTHER_CPLUSPLUSFLAGS = (
					"-D__MACOSX_CORE__",
					"-mtune=native",
				);
				SDKROOT = macosx;
			};
			name = Debug;
		};
		E4B69B4F0A3A1720003C02F2 /* Release */ = {
			isa = XCBuildConfiguration;
			baseConfigurationReference = E4EB6923138AFD0F00A09F29 /* Project.xcconfig */;
			buildSettings = {
				CONFIGURATION_BUILD_DIR = "$(SRCROOT)/bin/";
				COPY_PHASE_STRIP = YES;
				DEAD_CODE_STRIPPING = YES;
				GCC_AUTO_VECTORIZATION = YES;
				GCC_ENABLE_SSE3_EXTENSIONS = YES;
				GCC_ENABLE_SUPPLEMENTAL_SSE3_INSTRUCTIONS = YES;
				GCC_INLINES_ARE_PRIVATE_EXTERN = NO;
				GCC_OPTIMIZATION_LEVEL = 3;
				GCC_SYMBOLS_PRIVATE_EXTERN = NO;
				GCC_UNROLL_LOOPS = YES;
				GCC_WARN_ABOUT_DEPRECATED_FUNCTIONS = YES;
				GCC_WARN_ABOUT_INVALID_OFFSETOF_MACRO = NO;
				GCC_WARN_ALLOW_INCOMPLETE_PROTOCOL = NO;
				GCC_WARN_UNINITIALIZED_AUTOS = NO;
				GCC_WARN_UNUSED_VALUE = NO;
				GCC_WARN_UNUSED_VARIABLE = NO;
				HEADER_SEARCH_PATHS = (
					"$(OF_CORE_HEADERS)",
					../../../../../Documents/_gllm/of_git/of_v20170517_osx_release/addons/ofxGui/src,
					../../../../../Documents/_gllm/of_git/of_v20170517_osx_release/addons/ofxOsc/libs,
					../../../../../Documents/_gllm/of_git/of_v20170517_osx_release/addons/ofxOsc/libs/oscpack,
					../../../../../Documents/_gllm/of_git/of_v20170517_osx_release/addons/ofxOsc/libs/oscpack/src,
					../../../../../Documents/_gllm/of_git/of_v20170517_osx_release/addons/ofxOsc/libs/oscpack/src/ip,
					../../../../../Documents/_gllm/of_git/of_v20170517_osx_release/addons/ofxOsc/libs/oscpack/src/ip/posix,
					../../../../../Documents/_gllm/of_git/of_v20170517_osx_release/addons/ofxOsc/libs/oscpack/src/ip/win32,
					../../../../../Documents/_gllm/of_git/of_v20170517_osx_release/addons/ofxOsc/libs/oscpack/src/osc,
					../../../../../Documents/_gllm/of_git/of_v20170517_osx_release/addons/ofxOsc/src,
				);
				MACOSX_DEPLOYMENT_TARGET = 10.9;
				OTHER_CPLUSPLUSFLAGS = (
					"-D__MACOSX_CORE__",
					"-mtune=native",
				);
				SDKROOT = macosx;
			};
			name = Release;
		};
		E4B69B600A3A1757003C02F2 /* Debug */ = {
			isa = XCBuildConfiguration;
			baseConfigurationReference = E4EB6923138AFD0F00A09F29 /* Project.xcconfig */;
			buildSettings = {
				COMBINE_HIDPI_IMAGES = YES;
				COPY_PHASE_STRIP = NO;
				FRAMEWORK_SEARCH_PATHS = "$(inherited)";
				GCC_DYNAMIC_NO_PIC = NO;
				GCC_GENERATE_DEBUGGING_SYMBOLS = YES;
				GCC_MODEL_TUNING = NONE;
				HEADER_SEARCH_PATHS = (
					"$(OF_CORE_HEADERS)",
					../../../../../Documents/_gllm/of_git/of_v20170517_osx_release/addons/ofxGui/src,
					../../../../../Documents/_gllm/of_git/of_v20170517_osx_release/addons/ofxOsc/libs,
					../../../../../Documents/_gllm/of_git/of_v20170517_osx_release/addons/ofxOsc/libs/oscpack,
					../../../../../Documents/_gllm/of_git/of_v20170517_osx_release/addons/ofxOsc/libs/oscpack/src,
					../../../../../Documents/_gllm/of_git/of_v20170517_osx_release/addons/ofxOsc/libs/oscpack/src/ip,
					../../../../../Documents/_gllm/of_git/of_v20170517_osx_release/addons/ofxOsc/libs/oscpack/src/ip/posix,
					../../../../../Documents/_gllm/of_git/of_v20170517_osx_release/addons/ofxOsc/libs/oscpack/src/ip/win32,
					../../../../../Documents/_gllm/of_git/of_v20170517_osx_release/addons/ofxOsc/libs/oscpack/src/osc,
					../../../../../Documents/_gllm/of_git/of_v20170517_osx_release/addons/ofxOsc/src,
				);
				ICON = "$(ICON_NAME_DEBUG)";
				ICON_FILE = "$(ICON_FILE_PATH)$(ICON)";
				INFOPLIST_FILE = "openFrameworks-Info.plist";
				INSTALL_PATH = /Applications;
				LIBRARY_SEARCH_PATHS = "$(inherited)";
				PRODUCT_NAME = "$(TARGET_NAME)Debug";
				WRAPPER_EXTENSION = app;
			};
			name = Debug;
		};
		E4B69B610A3A1757003C02F2 /* Release */ = {
			isa = XCBuildConfiguration;
			baseConfigurationReference = E4EB6923138AFD0F00A09F29 /* Project.xcconfig */;
			buildSettings = {
				COMBINE_HIDPI_IMAGES = YES;
				COPY_PHASE_STRIP = YES;
				FRAMEWORK_SEARCH_PATHS = "$(inherited)";
				GCC_GENERATE_DEBUGGING_SYMBOLS = YES;
				GCC_MODEL_TUNING = NONE;
				HEADER_SEARCH_PATHS = (
					"$(OF_CORE_HEADERS)",
					../../../../../Documents/_gllm/of_git/of_v20170517_osx_release/addons/ofxGui/src,
					../../../../../Documents/_gllm/of_git/of_v20170517_osx_release/addons/ofxOsc/libs,
					../../../../../Documents/_gllm/of_git/of_v20170517_osx_release/addons/ofxOsc/libs/oscpack,
					../../../../../Documents/_gllm/of_git/of_v20170517_osx_release/addons/ofxOsc/libs/oscpack/src,
					../../../../../Documents/_gllm/of_git/of_v20170517_osx_release/addons/ofxOsc/libs/oscpack/src/ip,
					../../../../../Documents/_gllm/of_git/of_v20170517_osx_release/addons/ofxOsc/libs/oscpack/src/ip/posix,
					../../../../../Documents/_gllm/of_git/of_v20170517_osx_release/addons/ofxOsc/libs/oscpack/src/ip/win32,
					../../../../../Documents/_gllm/of_git/of_v20170517_osx_release/addons/ofxOsc/libs/oscpack/src/osc,
					../../../../../Documents/_gllm/of_git/of_v20170517_osx_release/addons/ofxOsc/src,
				);
				ICON = "$(ICON_NAME_RELEASE)";
				ICON_FILE = "$(ICON_FILE_PATH)$(ICON)";
				INFOPLIST_FILE = "openFrameworks-Info.plist";
				INSTALL_PATH = /Applications;
				LIBRARY_SEARCH_PATHS = "$(inherited)";
				PRODUCT_NAME = "$(TARGET_NAME)";
				WRAPPER_EXTENSION = app;
				baseConfigurationReference = E4EB6923138AFD0F00A09F29;
			};
			name = Release;
		};
/* End XCBuildConfiguration section */

/* Begin XCConfigurationList section */
		E4B69B4D0A3A1720003C02F2 /* Build configuration list for PBXProject "murmurations" */ = {
			isa = XCConfigurationList;
			buildConfigurations = (
				E4B69B4E0A3A1720003C02F2 /* Debug */,
				E4B69B4F0A3A1720003C02F2 /* Release */,
				99FA3DBB1C7456C400CFA0EE /* AppStore */,
			);
			defaultConfigurationIsVisible = 0;
			defaultConfigurationName = Release;
		};
		E4B69B5F0A3A1757003C02F2 /* Build configuration list for PBXNativeTarget "murmurations" */ = {
			isa = XCConfigurationList;
			buildConfigurations = (
				E4B69B600A3A1757003C02F2 /* Debug */,
				E4B69B610A3A1757003C02F2 /* Release */,
				99FA3DBC1C7456C400CFA0EE /* AppStore */,
			);
			defaultConfigurationIsVisible = 0;
			defaultConfigurationName = Release;
		};
/* End XCConfigurationList section */
	};
	rootObject = E4B69B4C0A3A1720003C02F2 /* Project object */;
}
